
Microsoft Visual Studio Solution File, Format Version 12.00
# Visual Studio 15
VisualStudioVersion = 15.0.26124.0
MinimumVisualStudioVersion = 15.0.26124.0
Project("{8BC9CEB8-8B4A-11D0-8D11-00A0C91BC942}") = "Common", "Source\MSBuild\Common.vcxproj", "{4323124B-B676-404E-BB9D-D6C301DC8FB5}"
EndProject
Project("{8BC9CEB8-8B4A-11D0-8D11-00A0C91BC942}") = "Settings", "Source\MSBuild\Settings.vcxproj", "{00CA748C-B8C4-4246-8D6A-96E21F8FA4DC}"
EndProject
Project("{8BC9CEB8-8B4A-11D0-8D11-00A0C91BC942}") = "7zip", "Source\MSBuild\7zip.vcxproj", "{7158D420-5764-4D5F-ACA9-2E5807C2E691}"
EndProject
Project("{8BC9CEB8-8B4A-11D0-8D11-00A0C91BC942}") = "duktape", "Source\MSBuild\duktape.vcxproj", "{9986B3BF-032F-465E-BBAA-05197036DA9C}"
EndProject
Project("{8BC9CEB8-8B4A-11D0-8D11-00A0C91BC942}") = "png", "Source\MSBuild\png.vcxproj", "{F00AD871-4BB1-4368-B82E-D635961F54CF}"
EndProject
Project("{8BC9CEB8-8B4A-11D0-8D11-00A0C91BC942}") = "WTL", "Source\MSBuild\WTL.vcxproj", "{C3015F05-B2AA-4243-A549-658A5195A2CA}"
EndProject
Project("{8BC9CEB8-8B4A-11D0-8D11-00A0C91BC942}") = "zlib", "Source\MSBuild\zlib.vcxproj", "{8E9DE926-B469-4773-9E2C-5399AA571671}"
EndProject
Project("{8BC9CEB8-8B4A-11D0-8D11-00A0C91BC942}") = "Project64-core", "Source\MSBuild\Project64-core.vcxproj", "{2241655B-C987-4FBB-9F9C-9EF90C23BABC}"
EndProject
Project("{8BC9CEB8-8B4A-11D0-8D11-00A0C91BC942}") = "Project64", "Source\MSBuild\Project64.vcxproj", "{A1A41759-71B6-4778-80E4-D9C5BB3FBAC2}"
EndProject
Project("{8BC9CEB8-8B4A-11D0-8D11-00A0C91BC942}") = "Project64-input", "Source\MSBuild\Project64-input.vcxproj", "{289FD7C9-CA61-4458-8D67-09DDA726F95D}"
EndProject
Project("{8BC9CEB8-8B4A-11D0-8D11-00A0C91BC942}") = "Project64-audio", "Source\MSBuild\Project64-audio.vcxproj", "{73F4F256-E6D5-4DAD-A843-BD59A67E51E7}"
EndProject
Project("{8BC9CEB8-8B4A-11D0-8D11-00A0C91BC942}") = "Project64-video", "Source\MSBuild\Project64-video.vcxproj", "{E43BA93F-2493-4784-BA7E-1F7DDD1B0A82}"
EndProject
Project("{8BC9CEB8-8B4A-11D0-8D11-00A0C91BC942}") = "RSP", "Source\MSBuild\RSP.vcxproj", "{4013585D-A956-42C2-87B4-A7CB89642BBD}"
EndProject
Project("{2150E333-8FDC-42A3-9474-1A3956D46DE8}") = "PropertySheets", "PropertySheets", "{20C6963B-5E4E-423E-80AB-FCD0D9C36BC8}"
	ProjectSection(SolutionItems) = preProject
		Source\MSBuild\PropertySheets\Debug.props = Source\MSBuild\PropertySheets\Debug.props
		Source\MSBuild\PropertySheets\Project65.Cpp.props = Source\MSBuild\PropertySheets\Project65.Cpp.props
		Source\MSBuild\PropertySheets\Release.props = Source\MSBuild\PropertySheets\Release.props
		Source\MSBuild\PropertySheets\Win32.props = Source\MSBuild\PropertySheets\Win32.props
		Source\MSBuild\PropertySheets\x86.props = Source\MSBuild\PropertySheets\x86.props
	EndProjectSection
EndProject
Project("{2150E333-8FDC-42A3-9474-1A3956D46DE8}") = "StaticLibrary", "StaticLibrary", "{F16AA2B1-13C3-492B-88D3-02D51FEBC520}"
	ProjectSection(SolutionItems) = preProject
		Source\MSBuild\PropertySheets\StaticLibrary\Debug.props = Source\MSBuild\PropertySheets\StaticLibrary\Debug.props
		Source\MSBuild\PropertySheets\StaticLibrary\Release.props = Source\MSBuild\PropertySheets\StaticLibrary\Release.props
		Source\MSBuild\PropertySheets\StaticLibrary\Win32.props = Source\MSBuild\PropertySheets\StaticLibrary\Win32.props
		Source\MSBuild\PropertySheets\StaticLibrary\x86.props = Source\MSBuild\PropertySheets\StaticLibrary\x86.props
	EndProjectSection
EndProject
Project("{2150E333-8FDC-42A3-9474-1A3956D46DE8}") = "DynamicLibrary", "DynamicLibrary", "{57A8E646-614B-40CD-8750-A9EC3FD9BC07}"
	ProjectSection(SolutionItems) = preProject
		Source\MSBuild\PropertySheets\DynamicLibrary\Debug.props = Source\MSBuild\PropertySheets\DynamicLibrary\Debug.props
		Source\MSBuild\PropertySheets\DynamicLibrary\Release.props = Source\MSBuild\PropertySheets\DynamicLibrary\Release.props
		Source\MSBuild\PropertySheets\DynamicLibrary\Win32.props = Source\MSBuild\PropertySheets\DynamicLibrary\Win32.props
		Source\MSBuild\PropertySheets\DynamicLibrary\x86.props = Source\MSBuild\PropertySheets\DynamicLibrary\x86.props
	EndProjectSection
EndProject
Project("{2150E333-8FDC-42A3-9474-1A3956D46DE8}") = "Application", "Application", "{9022497F-5764-49FC-8B93-8D24A25BD192}"
	ProjectSection(SolutionItems) = preProject
		Source\MSBuild\PropertySheets\Application\Debug.props = Source\MSBuild\PropertySheets\Application\Debug.props
		Source\MSBuild\PropertySheets\Application\Release.props = Source\MSBuild\PropertySheets\Application\Release.props
		Source\MSBuild\PropertySheets\Application\Win32.props = Source\MSBuild\PropertySheets\Application\Win32.props
		Source\MSBuild\PropertySheets\Application\x86.props = Source\MSBuild\PropertySheets\Application\x86.props
	EndProjectSection
EndProject
Project("{FAE04EC0-301F-11D3-BF4B-00C04F79EFBC}") = "Project65.ClickOnce", "Source\DotNet\Project65.ClickOnce\Project65.ClickOnce.csproj", "{B0D89CFB-9EA5-4881-B9EB-502E3212BED4}"
EndProject
Global
	GlobalSection(SolutionConfigurationPlatforms) = preSolution
		Debug|x86 = Debug|x86
		Release|x86 = Release|x86
	EndGlobalSection
	GlobalSection(ProjectConfigurationPlatforms) = postSolution
		{4323124B-B676-404E-BB9D-D6C301DC8FB5}.Debug|x86.ActiveCfg = Debug|Win32
		{4323124B-B676-404E-BB9D-D6C301DC8FB5}.Debug|x86.Build.0 = Debug|Win32
		{4323124B-B676-404E-BB9D-D6C301DC8FB5}.Release|x86.ActiveCfg = Release|Win32
		{4323124B-B676-404E-BB9D-D6C301DC8FB5}.Release|x86.Build.0 = Release|Win32
		{00CA748C-B8C4-4246-8D6A-96E21F8FA4DC}.Debug|x86.ActiveCfg = Debug|Win32
		{00CA748C-B8C4-4246-8D6A-96E21F8FA4DC}.Debug|x86.Build.0 = Debug|Win32
		{00CA748C-B8C4-4246-8D6A-96E21F8FA4DC}.Release|x86.ActiveCfg = Release|Win32
		{00CA748C-B8C4-4246-8D6A-96E21F8FA4DC}.Release|x86.Build.0 = Release|Win32
		{7158D420-5764-4D5F-ACA9-2E5807C2E691}.Debug|x86.ActiveCfg = Debug|Win32
		{7158D420-5764-4D5F-ACA9-2E5807C2E691}.Debug|x86.Build.0 = Debug|Win32
		{7158D420-5764-4D5F-ACA9-2E5807C2E691}.Release|x86.ActiveCfg = Release|Win32
		{7158D420-5764-4D5F-ACA9-2E5807C2E691}.Release|x86.Build.0 = Release|Win32
		{9986B3BF-032F-465E-BBAA-05197036DA9C}.Debug|x86.ActiveCfg = Debug|Win32
		{9986B3BF-032F-465E-BBAA-05197036DA9C}.Debug|x86.Build.0 = Debug|Win32
		{9986B3BF-032F-465E-BBAA-05197036DA9C}.Release|x86.ActiveCfg = Release|Win32
		{9986B3BF-032F-465E-BBAA-05197036DA9C}.Release|x86.Build.0 = Release|Win32
		{F00AD871-4BB1-4368-B82E-D635961F54CF}.Debug|x86.ActiveCfg = Debug|Win32
		{F00AD871-4BB1-4368-B82E-D635961F54CF}.Debug|x86.Build.0 = Debug|Win32
		{F00AD871-4BB1-4368-B82E-D635961F54CF}.Release|x86.ActiveCfg = Release|Win32
		{F00AD871-4BB1-4368-B82E-D635961F54CF}.Release|x86.Build.0 = Release|Win32
		{C3015F05-B2AA-4243-A549-658A5195A2CA}.Debug|x86.ActiveCfg = Debug|Win32
		{C3015F05-B2AA-4243-A549-658A5195A2CA}.Debug|x86.Build.0 = Debug|Win32
		{C3015F05-B2AA-4243-A549-658A5195A2CA}.Release|x86.ActiveCfg = Release|Win32
		{C3015F05-B2AA-4243-A549-658A5195A2CA}.Release|x86.Build.0 = Release|Win32
		{8E9DE926-B469-4773-9E2C-5399AA571671}.Debug|x86.ActiveCfg = Debug|Win32
		{8E9DE926-B469-4773-9E2C-5399AA571671}.Debug|x86.Build.0 = Debug|Win32
		{8E9DE926-B469-4773-9E2C-5399AA571671}.Release|x86.ActiveCfg = Release|Win32
		{8E9DE926-B469-4773-9E2C-5399AA571671}.Release|x86.Build.0 = Release|Win32
		{2241655B-C987-4FBB-9F9C-9EF90C23BABC}.Debug|x86.ActiveCfg = Debug|Win32
		{2241655B-C987-4FBB-9F9C-9EF90C23BABC}.Debug|x86.Build.0 = Debug|Win32
		{2241655B-C987-4FBB-9F9C-9EF90C23BABC}.Release|x86.ActiveCfg = Release|Win32
		{2241655B-C987-4FBB-9F9C-9EF90C23BABC}.Release|x86.Build.0 = Release|Win32
		{A1A41759-71B6-4778-80E4-D9C5BB3FBAC2}.Debug|x86.ActiveCfg = Debug|Win32
		{A1A41759-71B6-4778-80E4-D9C5BB3FBAC2}.Debug|x86.Build.0 = Debug|Win32
		{A1A41759-71B6-4778-80E4-D9C5BB3FBAC2}.Release|x86.ActiveCfg = Release|Win32
		{A1A41759-71B6-4778-80E4-D9C5BB3FBAC2}.Release|x86.Build.0 = Release|Win32
		{289FD7C9-CA61-4458-8D67-09DDA726F95D}.Debug|x86.ActiveCfg = Debug|Win32
		{289FD7C9-CA61-4458-8D67-09DDA726F95D}.Debug|x86.Build.0 = Debug|Win32
		{289FD7C9-CA61-4458-8D67-09DDA726F95D}.Release|x86.ActiveCfg = Release|Win32
		{289FD7C9-CA61-4458-8D67-09DDA726F95D}.Release|x86.Build.0 = Release|Win32
		{73F4F256-E6D5-4DAD-A843-BD59A67E51E7}.Debug|x86.ActiveCfg = Debug|Win32
		{73F4F256-E6D5-4DAD-A843-BD59A67E51E7}.Debug|x86.Build.0 = Debug|Win32
		{73F4F256-E6D5-4DAD-A843-BD59A67E51E7}.Release|x86.ActiveCfg = Release|Win32
		{73F4F256-E6D5-4DAD-A843-BD59A67E51E7}.Release|x86.Build.0 = Release|Win32
		{E43BA93F-2493-4784-BA7E-1F7DDD1B0A82}.Debug|x86.ActiveCfg = Debug|Win32
		{E43BA93F-2493-4784-BA7E-1F7DDD1B0A82}.Debug|x86.Build.0 = Debug|Win32
		{E43BA93F-2493-4784-BA7E-1F7DDD1B0A82}.Release|x86.ActiveCfg = Release|Win32
		{E43BA93F-2493-4784-BA7E-1F7DDD1B0A82}.Release|x86.Build.0 = Release|Win32
		{4013585D-A956-42C2-87B4-A7CB89642BBD}.Debug|x86.ActiveCfg = Debug|Win32
		{4013585D-A956-42C2-87B4-A7CB89642BBD}.Debug|x86.Build.0 = Debug|Win32
		{4013585D-A956-42C2-87B4-A7CB89642BBD}.Release|x86.ActiveCfg = Release|Win32
		{4013585D-A956-42C2-87B4-A7CB89642BBD}.Release|x86.Build.0 = Release|Win32
		{B0D89CFB-9EA5-4881-B9EB-502E3212BED4}.Debug|x86.ActiveCfg = Debug|Any CPU
		{B0D89CFB-9EA5-4881-B9EB-502E3212BED4}.Debug|x86.Build.0 = Debug|Any CPU
		{B0D89CFB-9EA5-4881-B9EB-502E3212BED4}.Release|x86.ActiveCfg = Release|Any CPU
		{B0D89CFB-9EA5-4881-B9EB-502E3212BED4}.Release|x86.Build.0 = Release|Any CPU
	EndGlobalSection
	GlobalSection(SolutionProperties) = preSolution
		HideSolutionNode = FALSE
	EndGlobalSection
	GlobalSection(NestedProjects) = preSolution
		{F16AA2B1-13C3-492B-88D3-02D51FEBC520} = {20C6963B-5E4E-423E-80AB-FCD0D9C36BC8}
		{57A8E646-614B-40CD-8750-A9EC3FD9BC07} = {20C6963B-5E4E-423E-80AB-FCD0D9C36BC8}
		{9022497F-5764-49FC-8B93-8D24A25BD192} = {20C6963B-5E4E-423E-80AB-FCD0D9C36BC8}
	EndGlobalSection
	GlobalSection(ExtensibilityGlobals) = postSolution
		SolutionGuid = {EE48BFC1-58E1-48A5-893E-1218E1DABF8F}
	EndGlobalSection
EndGlobal
