
Microsoft Visual Studio Solution File, Format Version 12.00
# Visual Studio Version 17
VisualStudioVersion = 17.1.32210.238
MinimumVisualStudioVersion = 15.0.26124.0
Project("{2150E333-8FDC-42A3-9474-1A3956D46DE8}") = "PropertySheets", "PropertySheets", "{20C6963B-5E4E-423E-80AB-FCD0D9C36BC8}"
	ProjectSection(SolutionItems) = preProject
		Source\MSBuild\PropertySheets\Debug.props = Source\MSBuild\PropertySheets\Debug.props
		Source\MSBuild\PropertySheets\Project65.Cpp.props = Source\MSBuild\PropertySheets\Project65.Cpp.props
		Source\MSBuild\PropertySheets\Release.props = Source\MSBuild\PropertySheets\Release.props
		Source\MSBuild\PropertySheets\Win32.props = Source\MSBuild\PropertySheets\Win32.props
		Source\MSBuild\PropertySheets\x86.props = Source\MSBuild\PropertySheets\x86.props
	EndProjectSection
EndProject
Project("{2150E333-8FDC-42A3-9474-1A3956D46DE8}") = "StaticLibrary", "StaticLibrary", "{F16AA2B1-13C3-492B-88D3-02D51FEBC520}"
	ProjectSection(SolutionItems) = preProject
		Source\MSBuild\PropertySheets\StaticLibrary\Debug.props = Source\MSBuild\PropertySheets\StaticLibrary\Debug.props
		Source\MSBuild\PropertySheets\StaticLibrary\Release.props = Source\MSBuild\PropertySheets\StaticLibrary\Release.props
		Source\MSBuild\PropertySheets\StaticLibrary\Win32.props = Source\MSBuild\PropertySheets\StaticLibrary\Win32.props
		Source\MSBuild\PropertySheets\StaticLibrary\x86.props = Source\MSBuild\PropertySheets\StaticLibrary\x86.props
	EndProjectSection
EndProject
Project("{2150E333-8FDC-42A3-9474-1A3956D46DE8}") = "DynamicLibrary", "DynamicLibrary", "{57A8E646-614B-40CD-8750-A9EC3FD9BC07}"
	ProjectSection(SolutionItems) = preProject
		Source\MSBuild\PropertySheets\DynamicLibrary\Debug.props = Source\MSBuild\PropertySheets\DynamicLibrary\Debug.props
		Source\MSBuild\PropertySheets\DynamicLibrary\Release.props = Source\MSBuild\PropertySheets\DynamicLibrary\Release.props
		Source\MSBuild\PropertySheets\DynamicLibrary\Win32.props = Source\MSBuild\PropertySheets\DynamicLibrary\Win32.props
		Source\MSBuild\PropertySheets\DynamicLibrary\x86.props = Source\MSBuild\PropertySheets\DynamicLibrary\x86.props
	EndProjectSection
EndProject
Project("{2150E333-8FDC-42A3-9474-1A3956D46DE8}") = "Application", "Application", "{9022497F-5764-49FC-8B93-8D24A25BD192}"
	ProjectSection(SolutionItems) = preProject
		Source\MSBuild\PropertySheets\Application\Debug.props = Source\MSBuild\PropertySheets\Application\Debug.props
		Source\MSBuild\PropertySheets\Application\Release.props = Source\MSBuild\PropertySheets\Application\Release.props
		Source\MSBuild\PropertySheets\Application\Win32.props = Source\MSBuild\PropertySheets\Application\Win32.props
		Source\MSBuild\PropertySheets\Application\x86.props = Source\MSBuild\PropertySheets\Application\x86.props
	EndProjectSection
EndProject
Project("{FAE04EC0-301F-11D3-BF4B-00C04F79EFBC}") = "Project65.ClickOnce", "Source\DotNet\Project65.ClickOnce\Project65.ClickOnce.csproj", "{B0D89CFB-9EA5-4881-B9EB-502E3212BED4}"
EndProject
Project("{2150E333-8FDC-42A3-9474-1A3956D46DE8}") = "Third Party", "Third Party", "{88B4AAAD-C818-4581-BEDB-F8CA125DA631}"
EndProject
Project("{2150E333-8FDC-42A3-9474-1A3956D46DE8}") = "Project64", "Project64", "{AFE35BAF-2D2A-49A9-AFB3-B8A99F6D4426}"
EndProject
Project("{8BC9CEB8-8B4A-11D0-8D11-00A0C91BC942}") = "Common", "Source\Cpp\Project64\Common\Common.vcxproj", "{4323124B-B676-404E-BB9D-D6C301DC8FB5}"
EndProject
Project("{2150E333-8FDC-42A3-9474-1A3956D46DE8}") = "3rdParty", "3rdParty", "{1BE12CF1-FF24-4749-AECC-48B4E0DFFEBE}"
EndProject
Project("{8BC9CEB8-8B4A-11D0-8D11-00A0C91BC942}") = "7zip", "Source\Cpp\Project64\3rdParty\7zip\7zip.vcxproj", "{7158D420-5764-4D5F-ACA9-2E5807C2E691}"
EndProject
Project("{8BC9CEB8-8B4A-11D0-8D11-00A0C91BC942}") = "discord-rpc", "Source\Cpp\Project64\3rdParty\discord-rpc\discord-rpc.vcxproj", "{A5A32FA2-C031-4140-91CB-7FBDBF38A6E4}"
EndProject
Project("{8BC9CEB8-8B4A-11D0-8D11-00A0C91BC942}") = "duktape", "Source\Cpp\Project64\3rdParty\duktape\duktape.vcxproj", "{9986B3BF-032F-465E-BBAA-05197036DA9C}"
EndProject
Project("{8BC9CEB8-8B4A-11D0-8D11-00A0C91BC942}") = "png", "Source\Cpp\Project64\3rdParty\png\png.vcxproj", "{F00AD871-4BB1-4368-B82E-D635961F54CF}"
EndProject
Project("{8BC9CEB8-8B4A-11D0-8D11-00A0C91BC942}") = "zlib", "Source\Cpp\Project64\3rdParty\zlib\zlib.vcxproj", "{8E9DE926-B469-4773-9E2C-5399AA571671}"
EndProject
Project("{8BC9CEB8-8B4A-11D0-8D11-00A0C91BC942}") = "NRage_Input_V2", "Source\Cpp\Project64\nragev20\NRage_Input_V2.vcxproj", "{FD617E80-9E40-4138-85DA-B94633972E6A}"
EndProject
Project("{8BC9CEB8-8B4A-11D0-8D11-00A0C91BC942}") = "Project64", "Source\Cpp\Project64\Project64\Project64.vcxproj", "{A1A41759-71B6-4778-80E4-D9C5BB3FBAC2}"
EndProject
Project("{8BC9CEB8-8B4A-11D0-8D11-00A0C91BC942}") = "Project64-audio", "Source\Cpp\Project64\Project64-audio\Project64-audio.vcxproj", "{73F4F256-E6D5-4DAD-A843-BD59A67E51E7}"
EndProject
Project("{8BC9CEB8-8B4A-11D0-8D11-00A0C91BC942}") = "Project64-core", "Source\Cpp\Project64\Project64-core\Project64-core.vcxproj", "{2241655B-C987-4FBB-9F9C-9EF90C23BABC}"
EndProject
Project("{8BC9CEB8-8B4A-11D0-8D11-00A0C91BC942}") = "Project64-input", "Source\Cpp\Project64\Project64-input\Project64-input.vcxproj", "{CEAF015F-7096-4534-8532-8CE23F445576}"
EndProject
Project("{8BC9CEB8-8B4A-11D0-8D11-00A0C91BC942}") = "Project64-video", "Source\Cpp\Project64\Project64-video\Project64-video.vcxproj", "{E43BA93F-2493-4784-BA7E-1F7DDD1B0A82}"
EndProject
Project("{8BC9CEB8-8B4A-11D0-8D11-00A0C91BC942}") = "RSP", "Source\Cpp\Project64\RSP\RSP.vcxproj", "{4013585D-A956-42C2-87B4-A7CB89642BBD}"
EndProject
Project("{8BC9CEB8-8B4A-11D0-8D11-00A0C91BC942}") = "Settings", "Source\Cpp\Project64\Settings\Settings.vcxproj", "{00CA748C-B8C4-4246-8D6A-96E21F8FA4DC}"
EndProject
Project("{8BC9CEB8-8B4A-11D0-8D11-00A0C91BC942}") = "StubWinInet", "Source\Cpp\StubWinInet\StubWinInet.vcxproj", "{0BBA0663-ED0B-43C1-9FEA-85BDF3ABC2A9}"
EndProject
Project("{8BC9CEB8-8B4A-11D0-8D11-00A0C91BC942}") = "ConsoleApplication1", "ConsoleApplication1\ConsoleApplication1.vcxproj", "{5028C920-353F-4300-9DA5-3BA02B6445CE}"
EndProject
Project("{8BC9CEB8-8B4A-11D0-8D11-00A0C91BC942}") = "WinApiStubs", "WinApiStubs\WinApiStubs.vcxproj", "{B82BA248-F68A-4902-BFA7-087A506DB17A}"
EndProject
Global
	GlobalSection(SolutionConfigurationPlatforms) = preSolution
		Debug|x64 = Debug|x64
		Debug|x86 = Debug|x86
		Release|x64 = Release|x64
		Release|x86 = Release|x86
	EndGlobalSection
	GlobalSection(ProjectConfigurationPlatforms) = postSolution
		{B0D89CFB-9EA5-4881-B9EB-502E3212BED4}.Debug|x64.ActiveCfg = Debug|Win32
		{B0D89CFB-9EA5-4881-B9EB-502E3212BED4}.Debug|x64.Build.0 = Debug|Win32
		{B0D89CFB-9EA5-4881-B9EB-502E3212BED4}.Debug|x86.ActiveCfg = Debug|Win32
		{B0D89CFB-9EA5-4881-B9EB-502E3212BED4}.Debug|x86.Build.0 = Debug|Win32
		{B0D89CFB-9EA5-4881-B9EB-502E3212BED4}.Release|x64.ActiveCfg = Release|Win32
		{B0D89CFB-9EA5-4881-B9EB-502E3212BED4}.Release|x64.Build.0 = Release|Win32
		{B0D89CFB-9EA5-4881-B9EB-502E3212BED4}.Release|x86.ActiveCfg = Release|Win32
		{B0D89CFB-9EA5-4881-B9EB-502E3212BED4}.Release|x86.Build.0 = Release|Win32
		{4323124B-B676-404E-BB9D-D6C301DC8FB5}.Debug|x64.ActiveCfg = Debug|Win32
		{4323124B-B676-404E-BB9D-D6C301DC8FB5}.Debug|x64.Build.0 = Debug|Win32
		{4323124B-B676-404E-BB9D-D6C301DC8FB5}.Debug|x86.ActiveCfg = Debug|Win32
		{4323124B-B676-404E-BB9D-D6C301DC8FB5}.Debug|x86.Build.0 = Debug|Win32
		{4323124B-B676-404E-BB9D-D6C301DC8FB5}.Release|x64.ActiveCfg = Release|Win32
		{4323124B-B676-404E-BB9D-D6C301DC8FB5}.Release|x64.Build.0 = Release|Win32
		{4323124B-B676-404E-BB9D-D6C301DC8FB5}.Release|x86.ActiveCfg = Release|Win32
		{4323124B-B676-404E-BB9D-D6C301DC8FB5}.Release|x86.Build.0 = Release|Win32
		{7158D420-5764-4D5F-ACA9-2E5807C2E691}.Debug|x64.ActiveCfg = Debug|Win32
		{7158D420-5764-4D5F-ACA9-2E5807C2E691}.Debug|x64.Build.0 = Debug|Win32
		{7158D420-5764-4D5F-ACA9-2E5807C2E691}.Debug|x86.ActiveCfg = Debug|Win32
		{7158D420-5764-4D5F-ACA9-2E5807C2E691}.Debug|x86.Build.0 = Debug|Win32
		{7158D420-5764-4D5F-ACA9-2E5807C2E691}.Release|x64.ActiveCfg = Release|Win32
		{7158D420-5764-4D5F-ACA9-2E5807C2E691}.Release|x64.Build.0 = Release|Win32
		{7158D420-5764-4D5F-ACA9-2E5807C2E691}.Release|x86.ActiveCfg = Release|Win32
		{7158D420-5764-4D5F-ACA9-2E5807C2E691}.Release|x86.Build.0 = Release|Win32
		{A5A32FA2-C031-4140-91CB-7FBDBF38A6E4}.Debug|x64.ActiveCfg = Debug|Win32
		{A5A32FA2-C031-4140-91CB-7FBDBF38A6E4}.Debug|x64.Build.0 = Debug|Win32
		{A5A32FA2-C031-4140-91CB-7FBDBF38A6E4}.Debug|x86.ActiveCfg = Debug|Win32
		{A5A32FA2-C031-4140-91CB-7FBDBF38A6E4}.Debug|x86.Build.0 = Debug|Win32
		{A5A32FA2-C031-4140-91CB-7FBDBF38A6E4}.Release|x64.ActiveCfg = Release|Win32
		{A5A32FA2-C031-4140-91CB-7FBDBF38A6E4}.Release|x64.Build.0 = Release|Win32
		{A5A32FA2-C031-4140-91CB-7FBDBF38A6E4}.Release|x86.ActiveCfg = Release|Win32
		{A5A32FA2-C031-4140-91CB-7FBDBF38A6E4}.Release|x86.Build.0 = Release|Win32
		{9986B3BF-032F-465E-BBAA-05197036DA9C}.Debug|x64.ActiveCfg = Debug|Win32
		{9986B3BF-032F-465E-BBAA-05197036DA9C}.Debug|x64.Build.0 = Debug|Win32
		{9986B3BF-032F-465E-BBAA-05197036DA9C}.Debug|x86.ActiveCfg = Debug|Win32
		{9986B3BF-032F-465E-BBAA-05197036DA9C}.Debug|x86.Build.0 = Debug|Win32
		{9986B3BF-032F-465E-BBAA-05197036DA9C}.Release|x64.ActiveCfg = Release|Win32
		{9986B3BF-032F-465E-BBAA-05197036DA9C}.Release|x64.Build.0 = Release|Win32
		{9986B3BF-032F-465E-BBAA-05197036DA9C}.Release|x86.ActiveCfg = Release|Win32
		{9986B3BF-032F-465E-BBAA-05197036DA9C}.Release|x86.Build.0 = Release|Win32
		{F00AD871-4BB1-4368-B82E-D635961F54CF}.Debug|x64.ActiveCfg = Debug|Win32
		{F00AD871-4BB1-4368-B82E-D635961F54CF}.Debug|x64.Build.0 = Debug|Win32
		{F00AD871-4BB1-4368-B82E-D635961F54CF}.Debug|x86.ActiveCfg = Debug|Win32
		{F00AD871-4BB1-4368-B82E-D635961F54CF}.Debug|x86.Build.0 = Debug|Win32
		{F00AD871-4BB1-4368-B82E-D635961F54CF}.Release|x64.ActiveCfg = Release|Win32
		{F00AD871-4BB1-4368-B82E-D635961F54CF}.Release|x64.Build.0 = Release|Win32
		{F00AD871-4BB1-4368-B82E-D635961F54CF}.Release|x86.ActiveCfg = Release|Win32
		{F00AD871-4BB1-4368-B82E-D635961F54CF}.Release|x86.Build.0 = Release|Win32
		{8E9DE926-B469-4773-9E2C-5399AA571671}.Debug|x64.ActiveCfg = Debug|Win32
		{8E9DE926-B469-4773-9E2C-5399AA571671}.Debug|x64.Build.0 = Debug|Win32
		{8E9DE926-B469-4773-9E2C-5399AA571671}.Debug|x86.ActiveCfg = Debug|Win32
		{8E9DE926-B469-4773-9E2C-5399AA571671}.Debug|x86.Build.0 = Debug|Win32
		{8E9DE926-B469-4773-9E2C-5399AA571671}.Release|x64.ActiveCfg = Release|Win32
		{8E9DE926-B469-4773-9E2C-5399AA571671}.Release|x64.Build.0 = Release|Win32
		{8E9DE926-B469-4773-9E2C-5399AA571671}.Release|x86.ActiveCfg = Release|Win32
		{8E9DE926-B469-4773-9E2C-5399AA571671}.Release|x86.Build.0 = Release|Win32
		{FD617E80-9E40-4138-85DA-B94633972E6A}.Debug|x64.ActiveCfg = Debug|Win32
		{FD617E80-9E40-4138-85DA-B94633972E6A}.Debug|x64.Build.0 = Debug|Win32
		{FD617E80-9E40-4138-85DA-B94633972E6A}.Debug|x86.ActiveCfg = Debug|Win32
		{FD617E80-9E40-4138-85DA-B94633972E6A}.Debug|x86.Build.0 = Debug|Win32
		{FD617E80-9E40-4138-85DA-B94633972E6A}.Release|x64.ActiveCfg = Release|Win32
		{FD617E80-9E40-4138-85DA-B94633972E6A}.Release|x64.Build.0 = Release|Win32
		{FD617E80-9E40-4138-85DA-B94633972E6A}.Release|x86.ActiveCfg = Release|Win32
		{FD617E80-9E40-4138-85DA-B94633972E6A}.Release|x86.Build.0 = Release|Win32
		{A1A41759-71B6-4778-80E4-D9C5BB3FBAC2}.Debug|x64.ActiveCfg = Debug|Win32
		{A1A41759-71B6-4778-80E4-D9C5BB3FBAC2}.Debug|x64.Build.0 = Debug|Win32
		{A1A41759-71B6-4778-80E4-D9C5BB3FBAC2}.Debug|x86.ActiveCfg = Debug|Win32
		{A1A41759-71B6-4778-80E4-D9C5BB3FBAC2}.Debug|x86.Build.0 = Debug|Win32
		{A1A41759-71B6-4778-80E4-D9C5BB3FBAC2}.Release|x64.ActiveCfg = Release|Win32
		{A1A41759-71B6-4778-80E4-D9C5BB3FBAC2}.Release|x64.Build.0 = Release|Win32
		{A1A41759-71B6-4778-80E4-D9C5BB3FBAC2}.Release|x86.ActiveCfg = Release|Win32
		{A1A41759-71B6-4778-80E4-D9C5BB3FBAC2}.Release|x86.Build.0 = Release|Win32
		{73F4F256-E6D5-4DAD-A843-BD59A67E51E7}.Debug|x64.ActiveCfg = Debug|Win32
		{73F4F256-E6D5-4DAD-A843-BD59A67E51E7}.Debug|x64.Build.0 = Debug|Win32
		{73F4F256-E6D5-4DAD-A843-BD59A67E51E7}.Debug|x86.ActiveCfg = Debug|Win32
		{73F4F256-E6D5-4DAD-A843-BD59A67E51E7}.Debug|x86.Build.0 = Debug|Win32
		{73F4F256-E6D5-4DAD-A843-BD59A67E51E7}.Release|x64.ActiveCfg = Release|Win32
		{73F4F256-E6D5-4DAD-A843-BD59A67E51E7}.Release|x64.Build.0 = Release|Win32
		{73F4F256-E6D5-4DAD-A843-BD59A67E51E7}.Release|x86.ActiveCfg = Release|Win32
		{73F4F256-E6D5-4DAD-A843-BD59A67E51E7}.Release|x86.Build.0 = Release|Win32
		{2241655B-C987-4FBB-9F9C-9EF90C23BABC}.Debug|x64.ActiveCfg = Debug|Win32
		{2241655B-C987-4FBB-9F9C-9EF90C23BABC}.Debug|x64.Build.0 = Debug|Win32
		{2241655B-C987-4FBB-9F9C-9EF90C23BABC}.Debug|x86.ActiveCfg = Debug|Win32
		{2241655B-C987-4FBB-9F9C-9EF90C23BABC}.Debug|x86.Build.0 = Debug|Win32
		{2241655B-C987-4FBB-9F9C-9EF90C23BABC}.Release|x64.ActiveCfg = Release|Win32
		{2241655B-C987-4FBB-9F9C-9EF90C23BABC}.Release|x64.Build.0 = Release|Win32
		{2241655B-C987-4FBB-9F9C-9EF90C23BABC}.Release|x86.ActiveCfg = Release|Win32
		{2241655B-C987-4FBB-9F9C-9EF90C23BABC}.Release|x86.Build.0 = Release|Win32
		{CEAF015F-7096-4534-8532-8CE23F445576}.Debug|x64.ActiveCfg = Debug|Win32
		{CEAF015F-7096-4534-8532-8CE23F445576}.Debug|x64.Build.0 = Debug|Win32
		{CEAF015F-7096-4534-8532-8CE23F445576}.Debug|x86.ActiveCfg = Debug|Win32
		{CEAF015F-7096-4534-8532-8CE23F445576}.Debug|x86.Build.0 = Debug|Win32
		{CEAF015F-7096-4534-8532-8CE23F445576}.Release|x64.ActiveCfg = Release|Win32
		{CEAF015F-7096-4534-8532-8CE23F445576}.Release|x64.Build.0 = Release|Win32
		{CEAF015F-7096-4534-8532-8CE23F445576}.Release|x86.ActiveCfg = Release|Win32
		{CEAF015F-7096-4534-8532-8CE23F445576}.Release|x86.Build.0 = Release|Win32
		{E43BA93F-2493-4784-BA7E-1F7DDD1B0A82}.Debug|x64.ActiveCfg = Debug|Win32
		{E43BA93F-2493-4784-BA7E-1F7DDD1B0A82}.Debug|x64.Build.0 = Debug|Win32
		{E43BA93F-2493-4784-BA7E-1F7DDD1B0A82}.Debug|x86.ActiveCfg = Debug|Win32
		{E43BA93F-2493-4784-BA7E-1F7DDD1B0A82}.Debug|x86.Build.0 = Debug|Win32
		{E43BA93F-2493-4784-BA7E-1F7DDD1B0A82}.Release|x64.ActiveCfg = Release|Win32
		{E43BA93F-2493-4784-BA7E-1F7DDD1B0A82}.Release|x64.Build.0 = Release|Win32
		{E43BA93F-2493-4784-BA7E-1F7DDD1B0A82}.Release|x86.ActiveCfg = Release|Win32
		{E43BA93F-2493-4784-BA7E-1F7DDD1B0A82}.Release|x86.Build.0 = Release|Win32
		{4013585D-A956-42C2-87B4-A7CB89642BBD}.Debug|x64.ActiveCfg = Debug|Win32
		{4013585D-A956-42C2-87B4-A7CB89642BBD}.Debug|x64.Build.0 = Debug|Win32
		{4013585D-A956-42C2-87B4-A7CB89642BBD}.Debug|x86.ActiveCfg = Debug|Win32
		{4013585D-A956-42C2-87B4-A7CB89642BBD}.Debug|x86.Build.0 = Debug|Win32
		{4013585D-A956-42C2-87B4-A7CB89642BBD}.Release|x64.ActiveCfg = Release|Win32
		{4013585D-A956-42C2-87B4-A7CB89642BBD}.Release|x64.Build.0 = Release|Win32
		{4013585D-A956-42C2-87B4-A7CB89642BBD}.Release|x86.ActiveCfg = Release|Win32
		{4013585D-A956-42C2-87B4-A7CB89642BBD}.Release|x86.Build.0 = Release|Win32
		{00CA748C-B8C4-4246-8D6A-96E21F8FA4DC}.Debug|x64.ActiveCfg = Debug|Win32
		{00CA748C-B8C4-4246-8D6A-96E21F8FA4DC}.Debug|x64.Build.0 = Debug|Win32
		{00CA748C-B8C4-4246-8D6A-96E21F8FA4DC}.Debug|x86.ActiveCfg = Debug|Win32
		{00CA748C-B8C4-4246-8D6A-96E21F8FA4DC}.Debug|x86.Build.0 = Debug|Win32
		{00CA748C-B8C4-4246-8D6A-96E21F8FA4DC}.Release|x64.ActiveCfg = Release|Win32
		{00CA748C-B8C4-4246-8D6A-96E21F8FA4DC}.Release|x64.Build.0 = Release|Win32
		{00CA748C-B8C4-4246-8D6A-96E21F8FA4DC}.Release|x86.ActiveCfg = Release|Win32
		{00CA748C-B8C4-4246-8D6A-96E21F8FA4DC}.Release|x86.Build.0 = Release|Win32
		{0BBA0663-ED0B-43C1-9FEA-85BDF3ABC2A9}.Debug|x64.ActiveCfg = Debug|Win32
		{0BBA0663-ED0B-43C1-9FEA-85BDF3ABC2A9}.Debug|x64.Build.0 = Debug|Win32
		{0BBA0663-ED0B-43C1-9FEA-85BDF3ABC2A9}.Debug|x86.ActiveCfg = Debug|Win32
		{0BBA0663-ED0B-43C1-9FEA-85BDF3ABC2A9}.Debug|x86.Build.0 = Debug|Win32
		{0BBA0663-ED0B-43C1-9FEA-85BDF3ABC2A9}.Release|x64.ActiveCfg = Release|Win32
		{0BBA0663-ED0B-43C1-9FEA-85BDF3ABC2A9}.Release|x64.Build.0 = Release|Win32
		{0BBA0663-ED0B-43C1-9FEA-85BDF3ABC2A9}.Release|x86.ActiveCfg = Release|Win32
		{0BBA0663-ED0B-43C1-9FEA-85BDF3ABC2A9}.Release|x86.Build.0 = Release|Win32
		{5028C920-353F-4300-9DA5-3BA02B6445CE}.Debug|x64.ActiveCfg = Debug|x64
		{5028C920-353F-4300-9DA5-3BA02B6445CE}.Debug|x64.Build.0 = Debug|x64
		{5028C920-353F-4300-9DA5-3BA02B6445CE}.Debug|x86.ActiveCfg = Debug|Win32
		{5028C920-353F-4300-9DA5-3BA02B6445CE}.Debug|x86.Build.0 = Debug|Win32
		{5028C920-353F-4300-9DA5-3BA02B6445CE}.Release|x64.ActiveCfg = Release|x64
		{5028C920-353F-4300-9DA5-3BA02B6445CE}.Release|x64.Build.0 = Release|x64
		{5028C920-353F-4300-9DA5-3BA02B6445CE}.Release|x86.ActiveCfg = Release|Win32
		{5028C920-353F-4300-9DA5-3BA02B6445CE}.Release|x86.Build.0 = Release|Win32
		{B82BA248-F68A-4902-BFA7-087A506DB17A}.Debug|x64.ActiveCfg = Debug|x64
		{B82BA248-F68A-4902-BFA7-087A506DB17A}.Debug|x64.Build.0 = Debug|x64
		{B82BA248-F68A-4902-BFA7-087A506DB17A}.Debug|x86.ActiveCfg = Debug|Win32
		{B82BA248-F68A-4902-BFA7-087A506DB17A}.Debug|x86.Build.0 = Debug|Win32
		{B82BA248-F68A-4902-BFA7-087A506DB17A}.Release|x64.ActiveCfg = Release|x64
		{B82BA248-F68A-4902-BFA7-087A506DB17A}.Release|x64.Build.0 = Release|x64
		{B82BA248-F68A-4902-BFA7-087A506DB17A}.Release|x86.ActiveCfg = Release|Win32
		{B82BA248-F68A-4902-BFA7-087A506DB17A}.Release|x86.Build.0 = Release|Win32
	EndGlobalSection
	GlobalSection(SolutionProperties) = preSolution
		HideSolutionNode = FALSE
	EndGlobalSection
	GlobalSection(NestedProjects) = preSolution
		{F16AA2B1-13C3-492B-88D3-02D51FEBC520} = {20C6963B-5E4E-423E-80AB-FCD0D9C36BC8}
		{57A8E646-614B-40CD-8750-A9EC3FD9BC07} = {20C6963B-5E4E-423E-80AB-FCD0D9C36BC8}
		{9022497F-5764-49FC-8B93-8D24A25BD192} = {20C6963B-5E4E-423E-80AB-FCD0D9C36BC8}
		{AFE35BAF-2D2A-49A9-AFB3-B8A99F6D4426} = {88B4AAAD-C818-4581-BEDB-F8CA125DA631}
		{4323124B-B676-404E-BB9D-D6C301DC8FB5} = {AFE35BAF-2D2A-49A9-AFB3-B8A99F6D4426}
		{1BE12CF1-FF24-4749-AECC-48B4E0DFFEBE} = {AFE35BAF-2D2A-49A9-AFB3-B8A99F6D4426}
		{7158D420-5764-4D5F-ACA9-2E5807C2E691} = {1BE12CF1-FF24-4749-AECC-48B4E0DFFEBE}
		{A5A32FA2-C031-4140-91CB-7FBDBF38A6E4} = {1BE12CF1-FF24-4749-AECC-48B4E0DFFEBE}
		{9986B3BF-032F-465E-BBAA-05197036DA9C} = {1BE12CF1-FF24-4749-AECC-48B4E0DFFEBE}
		{F00AD871-4BB1-4368-B82E-D635961F54CF} = {1BE12CF1-FF24-4749-AECC-48B4E0DFFEBE}
		{8E9DE926-B469-4773-9E2C-5399AA571671} = {1BE12CF1-FF24-4749-AECC-48B4E0DFFEBE}
		{FD617E80-9E40-4138-85DA-B94633972E6A} = {AFE35BAF-2D2A-49A9-AFB3-B8A99F6D4426}
		{A1A41759-71B6-4778-80E4-D9C5BB3FBAC2} = {AFE35BAF-2D2A-49A9-AFB3-B8A99F6D4426}
		{73F4F256-E6D5-4DAD-A843-BD59A67E51E7} = {AFE35BAF-2D2A-49A9-AFB3-B8A99F6D4426}
		{2241655B-C987-4FBB-9F9C-9EF90C23BABC} = {AFE35BAF-2D2A-49A9-AFB3-B8A99F6D4426}
		{CEAF015F-7096-4534-8532-8CE23F445576} = {AFE35BAF-2D2A-49A9-AFB3-B8A99F6D4426}
		{E43BA93F-2493-4784-BA7E-1F7DDD1B0A82} = {AFE35BAF-2D2A-49A9-AFB3-B8A99F6D4426}
		{4013585D-A956-42C2-87B4-A7CB89642BBD} = {AFE35BAF-2D2A-49A9-AFB3-B8A99F6D4426}
		{00CA748C-B8C4-4246-8D6A-96E21F8FA4DC} = {AFE35BAF-2D2A-49A9-AFB3-B8A99F6D4426}
	EndGlobalSection
	GlobalSection(ExtensibilityGlobals) = postSolution
		SolutionGuid = {EE48BFC1-58E1-48A5-893E-1218E1DABF8F}
	EndGlobalSection
EndGlobal
