<?xml version="1.0" encoding="utf-8"?>
<Project ToolsVersion="15.0" xmlns="http://schemas.microsoft.com/developer/msbuild/2003">
  <ItemGroup>
    <Filter Include="Header Files">
      <UniqueIdentifier>{89cb12d5-eaf6-45c8-a841-b57211f9e324}</UniqueIdentifier>
      <Extensions>h;hpp;hxx;hm;inl</Extensions>
    </Filter>
    <Filter Include="Resource Files">
      <UniqueIdentifier>{34f7de59-7e89-4816-a3ed-662f31bdb041}</UniqueIdentifier>
      <Extensions>ico;cur;bmp;dlg;rc2;rct;bin;rgs;gif;jpg;jpeg;jpe</Extensions>
    </Filter>
    <Filter Include="Source Files">
      <UniqueIdentifier>{7498de62-690d-4412-baf5-1e986ddcca7a}</UniqueIdentifier>
      <Extensions>cpp;c;cxx;rc;def;r;odl;idl;hpj;bat</Extensions>
    </Filter>
  </ItemGroup>
  <ItemGroup>
    <ClInclude Include="$(SourceRoot)3rdParty\7zip\7z.h">
      <Filter>Header Files</Filter>
    </ClInclude>
    <ClInclude Include="$(SourceRoot)3rdParty\7zip\7zAlloc.h">
      <Filter>Header Files</Filter>
    </ClInclude>
    <ClInclude Include="$(SourceRoot)3rdParty\7zip\7zBuf.h">
      <Filter>Header Files</Filter>
    </ClInclude>
    <ClInclude Include="$(SourceRoot)3rdParty\7zip\7zCrc.h">
      <Filter>Header Files</Filter>
    </ClInclude>
    <ClInclude Include="$(SourceRoot)3rdParty\7zip\7zFile.h">
      <Filter>Header Files</Filter>
    </ClInclude>
    <ClInclude Include="$(SourceRoot)3rdParty\7zip\7zTypes.h">
      <Filter>Header Files</Filter>
    </ClInclude>
    <ClInclude Include="$(SourceRoot)3rdParty\7zip\7zVersion.h">
      <Filter>Header Files</Filter>
    </ClInclude>
    <ClInclude Include="$(SourceRoot)3rdParty\7zip\Alloc.h">
      <Filter>Header Files</Filter>
    </ClInclude>
    <ClInclude Include="$(SourceRoot)3rdParty\7zip\Bcj2.h">
      <Filter>Header Files</Filter>
    </ClInclude>
    <ClInclude Include="$(SourceRoot)3rdParty\7zip\Bra.h">
      <Filter>Header Files</Filter>
    </ClInclude>
    <ClInclude Include="$(SourceRoot)3rdParty\7zip\CpuArch.h">
      <Filter>Header Files</Filter>
    </ClInclude>
    <ClInclude Include="$(SourceRoot)3rdParty\7zip\Delta.h">
      <Filter>Header Files</Filter>
    </ClInclude>
    <ClInclude Include="$(SourceRoot)3rdParty\7zip\LzFind.h">
      <Filter>Header Files</Filter>
    </ClInclude>
    <ClInclude Include="$(SourceRoot)3rdParty\7zip\LzFindMt.h">
      <Filter>Header Files</Filter>
    </ClInclude>
    <ClInclude Include="$(SourceRoot)3rdParty\7zip\LzHash.h">
      <Filter>Header Files</Filter>
    </ClInclude>
    <ClInclude Include="$(SourceRoot)3rdParty\7zip\Lzma2Dec.h">
      <Filter>Header Files</Filter>
    </ClInclude>
    <ClInclude Include="$(SourceRoot)3rdParty\7zip\Lzma2Enc.h">
      <Filter>Header Files</Filter>
    </ClInclude>
    <ClInclude Include="$(SourceRoot)3rdParty\7zip\Lzma86.h">
      <Filter>Header Files</Filter>
    </ClInclude>
    <ClInclude Include="$(SourceRoot)3rdParty\7zip\LzmaDec.h">
      <Filter>Header Files</Filter>
    </ClInclude>
    <ClInclude Include="$(SourceRoot)3rdParty\7zip\LzmaEnc.h">
      <Filter>Header Files</Filter>
    </ClInclude>
    <ClInclude Include="$(SourceRoot)3rdParty\7zip\LzmaLib.h">
      <Filter>Header Files</Filter>
    </ClInclude>
    <ClInclude Include="$(SourceRoot)3rdParty\7zip\MtCoder.h">
      <Filter>Header Files</Filter>
    </ClInclude>
    <ClInclude Include="$(SourceRoot)3rdParty\7zip\Ppmd.h">
      <Filter>Header Files</Filter>
    </ClInclude>
    <ClInclude Include="$(SourceRoot)3rdParty\7zip\Ppmd7.h">
      <Filter>Header Files</Filter>
    </ClInclude>
    <ClInclude Include="$(SourceRoot)3rdParty\7zip\RotateDefs.h">
      <Filter>Header Files</Filter>
    </ClInclude>
    <ClInclude Include="$(SourceRoot)3rdParty\7zip\Sha256.h">
      <Filter>Header Files</Filter>
    </ClInclude>
    <ClInclude Include="$(SourceRoot)3rdParty\7zip\Threads.h">
      <Filter>Header Files</Filter>
    </ClInclude>
    <ClInclude Include="$(SourceRoot)3rdParty\7zip\Types.h">
      <Filter>Header Files</Filter>
    </ClInclude>
    <ClInclude Include="$(SourceRoot)3rdParty\7zip\Xz.h">
      <Filter>Header Files</Filter>
    </ClInclude>
    <ClInclude Include="$(SourceRoot)3rdParty\7zip\XzCrc64.h">
      <Filter>Header Files</Filter>
    </ClInclude>
    <ClInclude Include="$(SourceRoot)3rdParty\7zip\XzEnc.h">
      <Filter>Header Files</Filter>
    </ClInclude>
  </ItemGroup>
  <ItemGroup>
    <ClCompile Include="$(SourceRoot)3rdParty\7zip\7zAlloc.c">
      <Filter>Source Files</Filter>
    </ClCompile>
    <ClCompile Include="$(SourceRoot)3rdParty\7zip\7zBuf.c">
      <Filter>Source Files</Filter>
    </ClCompile>
    <ClCompile Include="$(SourceRoot)3rdParty\7zip\7zBuf2.c">
      <Filter>Source Files</Filter>
    </ClCompile>
    <ClCompile Include="$(SourceRoot)3rdParty\7zip\7zCrc.c">
      <Filter>Source Files</Filter>
    </ClCompile>
    <ClCompile Include="$(SourceRoot)3rdParty\7zip\7zCrcOpt.c">
      <Filter>Source Files</Filter>
    </ClCompile>
    <ClCompile Include="$(SourceRoot)3rdParty\7zip\7zDec.c">
      <Filter>Source Files</Filter>
    </ClCompile>
    <ClCompile Include="$(SourceRoot)3rdParty\7zip\7zFile.c">
      <Filter>Source Files</Filter>
    </ClCompile>
    <ClCompile Include="$(SourceRoot)3rdParty\7zip\7zIn.c">
      <Filter>Source Files</Filter>
    </ClCompile>
    <ClCompile Include="$(SourceRoot)3rdParty\7zip\7zStream.c">
      <Filter>Source Files</Filter>
    </ClCompile>
    <ClCompile Include="$(SourceRoot)3rdParty\7zip\Alloc.c">
      <Filter>Source Files</Filter>
    </ClCompile>
    <ClCompile Include="$(SourceRoot)3rdParty\7zip\Bcj2.c">
      <Filter>Source Files</Filter>
    </ClCompile>
    <ClCompile Include="$(SourceRoot)3rdParty\7zip\Bra.c">
      <Filter>Source Files</Filter>
    </ClCompile>
    <ClCompile Include="$(SourceRoot)3rdParty\7zip\Bra86.c">
      <Filter>Source Files</Filter>
    </ClCompile>
    <ClCompile Include="$(SourceRoot)3rdParty\7zip\BraIA64.c">
      <Filter>Source Files</Filter>
    </ClCompile>
    <ClCompile Include="$(SourceRoot)3rdParty\7zip\CpuArch.c">
      <Filter>Source Files</Filter>
    </ClCompile>
    <ClCompile Include="$(SourceRoot)3rdParty\7zip\Delta.c">
      <Filter>Source Files</Filter>
    </ClCompile>
    <ClCompile Include="$(SourceRoot)3rdParty\7zip\LzFind.c">
      <Filter>Source Files</Filter>
    </ClCompile>
    <ClCompile Include="$(SourceRoot)3rdParty\7zip\LzFindMt.c">
      <Filter>Source Files</Filter>
    </ClCompile>
    <ClCompile Include="$(SourceRoot)3rdParty\7zip\Lzma2Dec.c">
      <Filter>Source Files</Filter>
    </ClCompile>
    <ClCompile Include="$(SourceRoot)3rdParty\7zip\Lzma2Enc.c">
      <Filter>Source Files</Filter>
    </ClCompile>
    <ClCompile Include="$(SourceRoot)3rdParty\7zip\Lzma86Dec.c">
      <Filter>Source Files</Filter>
    </ClCompile>
    <ClCompile Include="$(SourceRoot)3rdParty\7zip\Lzma86Enc.c">
      <Filter>Source Files</Filter>
    </ClCompile>
    <ClCompile Include="$(SourceRoot)3rdParty\7zip\LzmaDec.c">
      <Filter>Source Files</Filter>
    </ClCompile>
    <ClCompile Include="$(SourceRoot)3rdParty\7zip\LzmaEnc.c">
      <Filter>Source Files</Filter>
    </ClCompile>
    <ClCompile Include="$(SourceRoot)3rdParty\7zip\LzmaLib.c">
      <Filter>Source Files</Filter>
    </ClCompile>
    <ClCompile Include="$(SourceRoot)3rdParty\7zip\MtCoder.c">
      <Filter>Source Files</Filter>
    </ClCompile>
    <ClCompile Include="$(SourceRoot)3rdParty\7zip\Ppmd7.c">
      <Filter>Source Files</Filter>
    </ClCompile>
    <ClCompile Include="$(SourceRoot)3rdParty\7zip\Ppmd7Dec.c">
      <Filter>Source Files</Filter>
    </ClCompile>
    <ClCompile Include="$(SourceRoot)3rdParty\7zip\Ppmd7Enc.c">
      <Filter>Source Files</Filter>
    </ClCompile>
    <ClCompile Include="$(SourceRoot)3rdParty\7zip\Sha256.c">
      <Filter>Source Files</Filter>
    </ClCompile>
    <ClCompile Include="$(SourceRoot)3rdParty\7zip\Threads.c">
      <Filter>Source Files</Filter>
    </ClCompile>
    <ClCompile Include="$(SourceRoot)3rdParty\7zip\Xz.c">
      <Filter>Source Files</Filter>
    </ClCompile>
    <ClCompile Include="$(SourceRoot)3rdParty\7zip\XzCrc64.c">
      <Filter>Source Files</Filter>
    </ClCompile>
    <ClCompile Include="$(SourceRoot)3rdParty\7zip\XzDec.c">
      <Filter>Source Files</Filter>
    </ClCompile>
    <ClCompile Include="$(SourceRoot)3rdParty\7zip\XzEnc.c">
      <Filter>Source Files</Filter>
    </ClCompile>
    <ClCompile Include="$(SourceRoot)3rdParty\7zip\XzIn.c">
      <Filter>Source Files</Filter>
    </ClCompile>
  </ItemGroup>
</Project>