<?xml version="1.0" encoding="utf-8"?>
<Project ToolsVersion="15.0" xmlns="http://schemas.microsoft.com/developer/msbuild/2003">
  <ItemGroup>
    <Filter Include="Header Files">
      <UniqueIdentifier>{a55231d6-10e3-4058-b53f-d71c0120c8b0}</UniqueIdentifier>
      <Extensions>h;hpp;hxx;hm;inl</Extensions>
    </Filter>
    <Filter Include="Resource Files">
      <UniqueIdentifier>{964a4da3-febe-4d80-b295-74a1c7d5cac9}</UniqueIdentifier>
      <Extensions>ico;cur;bmp;dlg;rc2;rct;bin;rgs;gif;jpg;jpeg;jpe</Extensions>
    </Filter>
    <Filter Include="Source Files">
      <UniqueIdentifier>{56484bcd-4aff-46a1-b9dd-1a0a0fe61395}</UniqueIdentifier>
      <Extensions>cpp;c;cxx;rc;def;r;odl;idl;hpj;bat</Extensions>
    </Filter>
  </ItemGroup>
  <ItemGroup>
    <ClCompile Include="$(Pj64SourceRoot)Common\CriticalSection.cpp">
      <Filter>Source Files</Filter>
    </ClCompile>
    <ClCompile Include="$(Pj64SourceRoot)Common\DateTimeClass.cpp">
      <Filter>Source Files</Filter>
    </ClCompile>
    <ClCompile Include="$(Pj64SourceRoot)Common\FileClass.cpp">
      <Filter>Source Files</Filter>
    </ClCompile>
    <ClCompile Include="$(Pj64SourceRoot)Common\HighResTimeStamp.cpp">
      <Filter>Source Files</Filter>
    </ClCompile>
    <ClCompile Include="$(Pj64SourceRoot)Common\IniFileClass.cpp">
      <Filter>Source Files</Filter>
    </ClCompile>
    <ClCompile Include="$(Pj64SourceRoot)Common\LogClass.cpp">
      <Filter>Source Files</Filter>
    </ClCompile>
    <ClCompile Include="$(Pj64SourceRoot)Common\md5.cpp">
      <Filter>Source Files</Filter>
    </ClCompile>
    <ClCompile Include="$(Pj64SourceRoot)Common\MemoryManagement.cpp">
      <Filter>Source Files</Filter>
    </ClCompile>
    <ClCompile Include="$(Pj64SourceRoot)Common\MemTest.cpp">
      <Filter>Source Files</Filter>
    </ClCompile>
    <ClCompile Include="$(Pj64SourceRoot)Common\path.cpp">
      <Filter>Source Files</Filter>
    </ClCompile>
    <ClCompile Include="$(Pj64SourceRoot)Common\Platform.cpp">
      <Filter>Source Files</Filter>
    </ClCompile>
    <ClCompile Include="$(Pj64SourceRoot)Common\Random.cpp">
      <Filter>Source Files</Filter>
    </ClCompile>
    <ClCompile Include="$(Pj64SourceRoot)Common\stdafx.cpp">
      <Filter>Source Files</Filter>
    </ClCompile>
    <ClCompile Include="$(Pj64SourceRoot)Common\StdString.cpp">
      <Filter>Source Files</Filter>
    </ClCompile>
    <ClCompile Include="$(Pj64SourceRoot)Common\SyncEvent.cpp">
      <Filter>Source Files</Filter>
    </ClCompile>
    <ClCompile Include="$(Pj64SourceRoot)Common\Thread.cpp">
      <Filter>Source Files</Filter>
    </ClCompile>
    <ClCompile Include="$(Pj64SourceRoot)Common\Trace.cpp">
      <Filter>Source Files</Filter>
    </ClCompile>
    <ClCompile Include="$(Pj64SourceRoot)Common\Util.cpp">
      <Filter>Source Files</Filter>
    </ClCompile>
  </ItemGroup>
  <ItemGroup>
    <ClInclude Include="$(Pj64SourceRoot)Common\CriticalSection.h">
      <Filter>Header Files</Filter>
    </ClInclude>
    <ClInclude Include="$(Pj64SourceRoot)Common\DateTimeClass.h">
      <Filter>Header Files</Filter>
    </ClInclude>
    <ClInclude Include="$(Pj64SourceRoot)Common\FileClass.h">
      <Filter>Header Files</Filter>
    </ClInclude>
    <ClInclude Include="$(Pj64SourceRoot)Common\HighResTimeStamp.h">
      <Filter>Header Files</Filter>
    </ClInclude>
    <ClInclude Include="$(Pj64SourceRoot)Common\IniFileClass.h">
      <Filter>Header Files</Filter>
    </ClInclude>
    <ClInclude Include="$(Pj64SourceRoot)Common\LogClass.h">
      <Filter>Header Files</Filter>
    </ClInclude>
    <ClInclude Include="$(Pj64SourceRoot)Common\md5.h">
      <Filter>Header Files</Filter>
    </ClInclude>
    <ClInclude Include="$(Pj64SourceRoot)Common\MemoryManagement.h">
      <Filter>Header Files</Filter>
    </ClInclude>
    <ClInclude Include="$(Pj64SourceRoot)Common\MemTest.h">
      <Filter>Header Files</Filter>
    </ClInclude>
    <ClInclude Include="$(Pj64SourceRoot)Common\path.h">
      <Filter>Header Files</Filter>
    </ClInclude>
    <ClInclude Include="$(Pj64SourceRoot)Common\Platform.h">
      <Filter>Header Files</Filter>
    </ClInclude>
    <ClInclude Include="$(Pj64SourceRoot)Common\Random.h">
      <Filter>Header Files</Filter>
    </ClInclude>
    <ClInclude Include="$(Pj64SourceRoot)Common\SmartPointer.h">
      <Filter>Header Files</Filter>
    </ClInclude>
    <ClInclude Include="$(Pj64SourceRoot)Common\stdafx.h">
      <Filter>Header Files</Filter>
    </ClInclude>
    <ClInclude Include="$(Pj64SourceRoot)Common\StdString.h">
      <Filter>Header Files</Filter>
    </ClInclude>
    <ClInclude Include="$(Pj64SourceRoot)Common\stdtypes.h">
      <Filter>Header Files</Filter>
    </ClInclude>
    <ClInclude Include="$(Pj64SourceRoot)Common\SyncEvent.h">
      <Filter>Header Files</Filter>
    </ClInclude>
    <ClInclude Include="$(Pj64SourceRoot)Common\Thread.h">
      <Filter>Header Files</Filter>
    </ClInclude>
    <ClInclude Include="$(Pj64SourceRoot)Common\Trace.h">
      <Filter>Header Files</Filter>
    </ClInclude>
    <ClInclude Include="$(Pj64SourceRoot)Common\TraceModulesCommon.h">
      <Filter>Header Files</Filter>
    </ClInclude>
    <ClInclude Include="$(Pj64SourceRoot)Common\Util.h">
      <Filter>Header Files</Filter>
    </ClInclude>
  </ItemGroup>
</Project>