<?xml version="1.0" encoding="utf-8"?>
<Project ToolsVersion="15.0" xmlns="http://schemas.microsoft.com/developer/msbuild/2003">
  <ItemGroup>
    <Filter Include="Header Files">
      <UniqueIdentifier>{3384cd55-702a-4efb-876d-64828774901e}</UniqueIdentifier>
      <Extensions>h;hpp;hxx;hm;inl</Extensions>
    </Filter>
    <Filter Include="Header Files\Multilanguage">
      <UniqueIdentifier>{4a06ec0b-6d1b-4083-bdec-f3d8836e36e8}</UniqueIdentifier>
    </Filter>
    <Filter Include="Header Files\N64System">
      <UniqueIdentifier>{d2fb44ae-3db4-4e82-b607-56359eb389df}</UniqueIdentifier>
    </Filter>
    <Filter Include="Header Files\N64System\Debugger">
      <UniqueIdentifier>{0af43664-a45d-45f4-aa14-38099d51baf5}</UniqueIdentifier>
    </Filter>
    <Filter Include="Header Files\Settings">
      <UniqueIdentifier>{c6b4f8b6-cfd7-4a12-bf01-ebe3a0e3b8ff}</UniqueIdentifier>
    </Filter>
    <Filter Include="Header Files\UserInterface">
      <UniqueIdentifier>{a978be2e-6b50-4947-a3a9-6dc42d4a692a}</UniqueIdentifier>
    </Filter>
    <Filter Include="Header Files\UserInterface\Debugger">
      <UniqueIdentifier>{822d000d-94f9-4dc8-90f0-ab3803484dc5}</UniqueIdentifier>
    </Filter>
    <Filter Include="Header Files\UserInterface\Settings">
      <UniqueIdentifier>{3ab6864e-11af-496c-9454-70f4d490a506}</UniqueIdentifier>
    </Filter>
    <Filter Include="Header Files\UserInterface\WTLControls">
      <UniqueIdentifier>{593fb240-1e27-495f-92f6-62dbe53abbe4}</UniqueIdentifier>
    </Filter>
    <Filter Include="Resource Files">
      <UniqueIdentifier>{2993f7e3-4765-43c0-94ed-fd842a3c6dd9}</UniqueIdentifier>
      <Extensions>ico;cur;bmp;dlg;rc2;rct;bin;rgs;gif;jpg;jpeg;jpe</Extensions>
    </Filter>
    <Filter Include="Resource Files\res">
      <UniqueIdentifier>{57b84b6c-f867-4ae2-a171-146d3fbb9242}</UniqueIdentifier>
    </Filter>
    <Filter Include="Resource Files\UserInterface">
      <UniqueIdentifier>{96afb6c8-9c21-42f2-a954-89a74bdf5341}</UniqueIdentifier>
    </Filter>
    <Filter Include="Resource Files\UserInterface\icons">
      <UniqueIdentifier>{f924592a-118c-4273-9cfe-329528005212}</UniqueIdentifier>
    </Filter>
    <Filter Include="Source Files">
      <UniqueIdentifier>{91988eb9-3a73-48a5-8e03-4c3bfad3a515}</UniqueIdentifier>
      <Extensions>cpp;c;cxx;rc;def;r;odl;idl;hpj;bat</Extensions>
    </Filter>
    <Filter Include="Source Files\Multilanguage">
      <UniqueIdentifier>{15e7f791-701a-48a3-ba78-83fa24cf3d70}</UniqueIdentifier>
    </Filter>
    <Filter Include="Source Files\Plugins">
      <UniqueIdentifier>{762ff1ee-8d4e-4576-b7ed-ec05eb2eff04}</UniqueIdentifier>
    </Filter>
    <Filter Include="Source Files\Settings">
      <UniqueIdentifier>{290c54e2-31fc-40bf-b080-aaf4b72e1410}</UniqueIdentifier>
    </Filter>
    <Filter Include="Source Files\UserInterface">
      <UniqueIdentifier>{01694c79-80b1-4f51-b6a0-fe863af20b0e}</UniqueIdentifier>
    </Filter>
    <Filter Include="Source Files\UserInterface\Debugger">
      <UniqueIdentifier>{b6a021d6-b3e0-4c56-b453-1b5b29409bc0}</UniqueIdentifier>
    </Filter>
    <Filter Include="Source Files\UserInterface\Settings">
      <UniqueIdentifier>{684a0faf-2500-4b58-90e1-05b498880b2e}</UniqueIdentifier>
    </Filter>
    <Filter Include="Source Files\UserInterface\WTLControls">
      <UniqueIdentifier>{87d4ea70-437f-4339-8862-0047b85e276e}</UniqueIdentifier>
    </Filter>
  </ItemGroup>
  <ItemGroup>
    <ClCompile Include="$(SourceRoot)Project64\main.cpp">
      <Filter>Source Files</Filter>
    </ClCompile>
    <ClCompile Include="$(SourceRoot)Project64\Multilanguage\LanguageSelector.cpp">
      <Filter>Source Files\Multilanguage</Filter>
    </ClCompile>
    <ClCompile Include="$(SourceRoot)Project64\Plugins\PluginList.cpp">
      <Filter>Source Files\Plugins</Filter>
    </ClCompile>
    <ClCompile Include="$(SourceRoot)Project64\Settings\GuiSettings.cpp">
      <Filter>Source Files\Settings</Filter>
    </ClCompile>
    <ClCompile Include="$(SourceRoot)Project64\Settings\NotificationSettings.cpp">
      <Filter>Source Files\Settings</Filter>
    </ClCompile>
    <ClCompile Include="$(SourceRoot)Project64\Settings\UISettings.cpp">
      <Filter>Source Files\Settings</Filter>
    </ClCompile>
    <ClCompile Include="$(SourceRoot)Project64\stdafx.cpp">
      <Filter>Source Files</Filter>
    </ClCompile>
    <ClCompile Include="$(SourceRoot)Project64\UserInterface\CheatClassUI.cpp">
      <Filter>Source Files\UserInterface</Filter>
    </ClCompile>
    <ClCompile Include="$(SourceRoot)Project64\UserInterface\Debugger\Assembler.cpp">
      <Filter>Source Files\UserInterface\Debugger</Filter>
    </ClCompile>
    <ClCompile Include="$(SourceRoot)Project64\UserInterface\Debugger\Breakpoints.cpp">
      <Filter>Source Files\UserInterface\Debugger</Filter>
    </ClCompile>
    <ClCompile Include="$(SourceRoot)Project64\UserInterface\Debugger\Debugger-AddBreakpoint.cpp">
      <Filter>Source Files\UserInterface\Debugger</Filter>
    </ClCompile>
    <ClCompile Include="$(SourceRoot)Project64\UserInterface\Debugger\Debugger-AddSymbol.cpp">
      <Filter>Source Files\UserInterface\Debugger</Filter>
    </ClCompile>
    <ClCompile Include="$(SourceRoot)Project64\UserInterface\Debugger\Debugger-Commands.cpp">
      <Filter>Source Files\UserInterface\Debugger</Filter>
    </ClCompile>
    <ClCompile Include="$(SourceRoot)Project64\UserInterface\Debugger\Debugger-DMALogView.cpp">
      <Filter>Source Files\UserInterface\Debugger</Filter>
    </ClCompile>
    <ClCompile Include="$(SourceRoot)Project64\UserInterface\Debugger\Debugger-MemoryDump.cpp">
      <Filter>Source Files\UserInterface\Debugger</Filter>
    </ClCompile>
    <ClCompile Include="$(SourceRoot)Project64\UserInterface\Debugger\Debugger-MemorySearch.cpp">
      <Filter>Source Files\UserInterface\Debugger</Filter>
    </ClCompile>
    <ClCompile Include="$(SourceRoot)Project64\UserInterface\Debugger\Debugger-RegisterTabs.cpp">
      <Filter>Source Files\UserInterface\Debugger</Filter>
    </ClCompile>
    <ClCompile Include="$(SourceRoot)Project64\UserInterface\Debugger\Debugger-Scripts.cpp">
      <Filter>Source Files\UserInterface\Debugger</Filter>
    </ClCompile>
    <ClCompile Include="$(SourceRoot)Project64\UserInterface\Debugger\Debugger-StackTrace.cpp">
      <Filter>Source Files\UserInterface\Debugger</Filter>
    </ClCompile>
    <ClCompile Include="$(SourceRoot)Project64\UserInterface\Debugger\Debugger-StackView.cpp">
      <Filter>Source Files\UserInterface\Debugger</Filter>
    </ClCompile>
    <ClCompile Include="$(SourceRoot)Project64\UserInterface\Debugger\Debugger-Symbols.cpp">
      <Filter>Source Files\UserInterface\Debugger</Filter>
    </ClCompile>
    <ClCompile Include="$(SourceRoot)Project64\UserInterface\Debugger\Debugger-TLB.cpp">
      <Filter>Source Files\UserInterface\Debugger</Filter>
    </ClCompile>
    <ClCompile Include="$(SourceRoot)Project64\UserInterface\Debugger\Debugger-ViewMemory.cpp">
      <Filter>Source Files\UserInterface\Debugger</Filter>
    </ClCompile>
    <ClCompile Include="$(SourceRoot)Project64\UserInterface\Debugger\Debugger.cpp">
      <Filter>Source Files\UserInterface\Debugger</Filter>
    </ClCompile>
    <ClCompile Include="$(SourceRoot)Project64\UserInterface\Debugger\DMALog.cpp">
      <Filter>Source Files\UserInterface\Debugger</Filter>
    </ClCompile>
    <ClCompile Include="$(SourceRoot)Project64\UserInterface\Debugger\ScriptHook.cpp">
      <Filter>Source Files\UserInterface\Debugger</Filter>
    </ClCompile>
    <ClCompile Include="$(SourceRoot)Project64\UserInterface\Debugger\ScriptInstance.cpp">
      <Filter>Source Files\UserInterface\Debugger</Filter>
    </ClCompile>
    <ClCompile Include="$(SourceRoot)Project64\UserInterface\Debugger\ScriptSystem.cpp">
      <Filter>Source Files\UserInterface\Debugger</Filter>
    </ClCompile>
    <ClCompile Include="$(SourceRoot)Project64\UserInterface\Debugger\Symbols.cpp">
      <Filter>Source Files\UserInterface\Debugger</Filter>
    </ClCompile>
    <ClCompile Include="$(SourceRoot)Project64\UserInterface\LoggingUI.cpp">
      <Filter>Source Files\UserInterface</Filter>
    </ClCompile>
    <ClCompile Include="$(SourceRoot)Project64\UserInterface\MainMenu.cpp">
      <Filter>Source Files\UserInterface</Filter>
    </ClCompile>
    <ClCompile Include="$(SourceRoot)Project64\UserInterface\MainWindow.cpp">
      <Filter>Source Files\UserInterface</Filter>
    </ClCompile>
    <ClCompile Include="$(SourceRoot)Project64\UserInterface\MenuClass.cpp">
      <Filter>Source Files\UserInterface</Filter>
    </ClCompile>
    <ClCompile Include="$(SourceRoot)Project64\UserInterface\MenuShortCuts.cpp">
      <Filter>Source Files\UserInterface</Filter>
    </ClCompile>
    <ClCompile Include="$(SourceRoot)Project64\UserInterface\Notification.cpp">
      <Filter>Source Files\UserInterface</Filter>
    </ClCompile>
    <ClCompile Include="$(SourceRoot)Project64\UserInterface\RomBrowserClass.cpp">
      <Filter>Source Files\UserInterface</Filter>
    </ClCompile>
    <ClCompile Include="$(SourceRoot)Project64\UserInterface\RomInformationClass.cpp">
      <Filter>Source Files\UserInterface</Filter>
    </ClCompile>
    <ClCompile Include="$(SourceRoot)Project64\UserInterface\SettingsConfig.cpp">
      <Filter>Source Files\UserInterface</Filter>
    </ClCompile>
    <ClCompile Include="$(SourceRoot)Project64\UserInterface\Settings\SettingsPage-AdvancedOptions.cpp">
      <Filter>Source Files\UserInterface\Settings</Filter>
    </ClCompile>
    <ClCompile Include="$(SourceRoot)Project64\UserInterface\Settings\SettingsPage-Defaults.cpp">
      <Filter>Source Files\UserInterface\Settings</Filter>
    </ClCompile>
    <ClCompile Include="$(SourceRoot)Project64\UserInterface\Settings\SettingsPage-Directories.cpp">
      <Filter>Source Files\UserInterface\Settings</Filter>
    </ClCompile>
    <ClCompile Include="$(SourceRoot)Project64\UserInterface\Settings\SettingsPage-Game-General.cpp">
      <Filter>Source Files\UserInterface\Settings</Filter>
    </ClCompile>
    <ClCompile Include="$(SourceRoot)Project64\UserInterface\Settings\SettingsPage-Game-Plugin.cpp">
      <Filter>Source Files\UserInterface\Settings</Filter>
    </ClCompile>
    <ClCompile Include="$(SourceRoot)Project64\UserInterface\Settings\SettingsPage-Game-Recompiler.cpp">
      <Filter>Source Files\UserInterface\Settings</Filter>
    </ClCompile>
    <ClCompile Include="$(SourceRoot)Project64\UserInterface\Settings\SettingsPage-Game-Status.cpp">
      <Filter>Source Files\UserInterface\Settings</Filter>
    </ClCompile>
    <ClCompile Include="$(SourceRoot)Project64\UserInterface\Settings\SettingsPage-GameBrowser.cpp">
      <Filter>Source Files\UserInterface\Settings</Filter>
    </ClCompile>
    <ClCompile Include="$(SourceRoot)Project64\UserInterface\Settings\SettingsPage-KeyboardShortcuts.cpp">
      <Filter>Source Files\UserInterface\Settings</Filter>
    </ClCompile>
    <ClCompile Include="$(SourceRoot)Project64\UserInterface\Settings\SettingsPage-Options.cpp">
      <Filter>Source Files\UserInterface\Settings</Filter>
    </ClCompile>
    <ClCompile Include="$(SourceRoot)Project64\UserInterface\Settings\SettingsPage-Plugin.cpp">
      <Filter>Source Files\UserInterface\Settings</Filter>
    </ClCompile>
    <ClCompile Include="$(SourceRoot)Project64\UserInterface\Settings\SettingsPage.cpp">
      <Filter>Source Files\UserInterface\Settings</Filter>
    </ClCompile>
    <ClCompile Include="$(SourceRoot)Project64\UserInterface\SupportEnterCode.cpp">
      <Filter>Source Files\UserInterface</Filter>
    </ClCompile>
    <ClCompile Include="$(SourceRoot)Project64\UserInterface\SupportWindow.cpp">
      <Filter>Source Files\UserInterface</Filter>
    </ClCompile>
    <ClCompile Include="$(SourceRoot)Project64\UserInterface\WTLControls\EditNumber32.cpp">
      <Filter>Source Files\UserInterface\WTLControls</Filter>
    </ClCompile>
    <ClCompile Include="$(SourceRoot)Project64\UserInterface\WTLControls\ModifiedEditBox.cpp">
      <Filter>Source Files\UserInterface\WTLControls</Filter>
    </ClCompile>
    <ClCompile Include="$(SourceRoot)Project64\UserInterface\WTLControls\PartialGroupBox.cpp">
      <Filter>Source Files\UserInterface\WTLControls</Filter>
    </ClCompile>
  </ItemGroup>
  <ItemGroup>
    <ClInclude Include="$(SourceRoot)Project64\Multilanguage\LanguageSelector.h">
      <Filter>Header Files\Multilanguage</Filter>
    </ClInclude>
    <ClInclude Include="$(SourceRoot)Project64\N64System.h">
      <Filter>Header Files</Filter>
    </ClInclude>
    <ClInclude Include="$(SourceRoot)Project64\N64System\Debugger\OpInfo.h">
      <Filter>Header Files\N64System\Debugger</Filter>
    </ClInclude>
    <ClInclude Include="$(SourceRoot)Project64\Settings\GuiSettings.h">
      <Filter>Header Files\Settings</Filter>
    </ClInclude>
    <ClInclude Include="$(SourceRoot)Project64\Settings\NotificationSettings.h">
      <Filter>Header Files\Settings</Filter>
    </ClInclude>
    <ClInclude Include="$(SourceRoot)Project64\Settings\UISettings.h">
      <Filter>Header Files\Settings</Filter>
    </ClInclude>
    <ClInclude Include="$(SourceRoot)Project64\stdafx.h">
      <Filter>Header Files</Filter>
    </ClInclude>
    <ClInclude Include="$(SourceRoot)Project64\Support.h">
      <Filter>Header Files</Filter>
    </ClInclude>
    <ClInclude Include="$(SourceRoot)Project64\UserInterface.h">
      <Filter>Header Files</Filter>
    </ClInclude>
    <ClInclude Include="$(SourceRoot)Project64\UserInterface\CheatClassUI.h">
      <Filter>Header Files\UserInterface</Filter>
    </ClInclude>
    <ClInclude Include="$(SourceRoot)Project64\UserInterface\Debugger\Assembler.h">
      <Filter>Header Files\UserInterface\Debugger</Filter>
    </ClInclude>
    <ClInclude Include="$(SourceRoot)Project64\UserInterface\Debugger\Breakpoints.h">
      <Filter>Header Files\UserInterface\Debugger</Filter>
    </ClInclude>
    <ClInclude Include="$(SourceRoot)Project64\UserInterface\Debugger\DebugDialog.h">
      <Filter>Header Files\UserInterface\Debugger</Filter>
    </ClInclude>
    <ClInclude Include="$(SourceRoot)Project64\UserInterface\Debugger\Debugger-AddBreakpoint.h">
      <Filter>Header Files\UserInterface\Debugger</Filter>
    </ClInclude>
    <ClInclude Include="$(SourceRoot)Project64\UserInterface\Debugger\Debugger-AddSymbol.h">
      <Filter>Header Files\UserInterface\Debugger</Filter>
    </ClInclude>
    <ClInclude Include="$(SourceRoot)Project64\UserInterface\Debugger\Debugger-Commands.h">
      <Filter>Header Files\UserInterface\Debugger</Filter>
    </ClInclude>
    <ClInclude Include="$(SourceRoot)Project64\UserInterface\Debugger\Debugger-DMALogView.h">
      <Filter>Header Files\UserInterface\Debugger</Filter>
    </ClInclude>
    <ClInclude Include="$(SourceRoot)Project64\UserInterface\Debugger\Debugger-MemoryDump.h">
      <Filter>Header Files\UserInterface\Debugger</Filter>
    </ClInclude>
    <ClInclude Include="$(SourceRoot)Project64\UserInterface\Debugger\Debugger-MemorySearch.h">
      <Filter>Header Files\UserInterface\Debugger</Filter>
    </ClInclude>
    <ClInclude Include="$(SourceRoot)Project64\UserInterface\Debugger\Debugger-RegisterTabs.h">
      <Filter>Header Files\UserInterface\Debugger</Filter>
    </ClInclude>
    <ClInclude Include="$(SourceRoot)Project64\UserInterface\Debugger\Debugger-Scripts.h">
      <Filter>Header Files\UserInterface\Debugger</Filter>
    </ClInclude>
    <ClInclude Include="$(SourceRoot)Project64\UserInterface\Debugger\Debugger-StackTrace.h">
      <Filter>Header Files\UserInterface\Debugger</Filter>
    </ClInclude>
    <ClInclude Include="$(SourceRoot)Project64\UserInterface\Debugger\Debugger-StackView.h">
      <Filter>Header Files\UserInterface\Debugger</Filter>
    </ClInclude>
    <ClInclude Include="$(SourceRoot)Project64\UserInterface\Debugger\Debugger-Symbols.h">
      <Filter>Header Files\UserInterface\Debugger</Filter>
    </ClInclude>
    <ClInclude Include="$(SourceRoot)Project64\UserInterface\Debugger\Debugger-TLB.h">
      <Filter>Header Files\UserInterface\Debugger</Filter>
    </ClInclude>
    <ClInclude Include="$(SourceRoot)Project64\UserInterface\Debugger\Debugger-ViewMemory.h">
      <Filter>Header Files\UserInterface\Debugger</Filter>
    </ClInclude>
    <ClInclude Include="$(SourceRoot)Project64\UserInterface\Debugger\debugger.h">
      <Filter>Header Files\UserInterface\Debugger</Filter>
    </ClInclude>
    <ClInclude Include="$(SourceRoot)Project64\UserInterface\Debugger\DebuggerUI.h">
      <Filter>Header Files\UserInterface\Debugger</Filter>
    </ClInclude>
    <ClInclude Include="$(SourceRoot)Project64\UserInterface\Debugger\DMALog.h">
      <Filter>Header Files\UserInterface\Debugger</Filter>
    </ClInclude>
    <ClInclude Include="$(SourceRoot)Project64\UserInterface\Debugger\OpInfo.h">
      <Filter>Header Files\UserInterface\Debugger</Filter>
    </ClInclude>
    <ClInclude Include="$(SourceRoot)Project64\UserInterface\Debugger\ScriptHook.h">
      <Filter>Header Files\UserInterface\Debugger</Filter>
    </ClInclude>
    <ClInclude Include="$(SourceRoot)Project64\UserInterface\Debugger\ScriptInstance.h">
      <Filter>Header Files\UserInterface\Debugger</Filter>
    </ClInclude>
    <ClInclude Include="$(SourceRoot)Project64\UserInterface\Debugger\ScriptSystem.h">
      <Filter>Header Files\UserInterface\Debugger</Filter>
    </ClInclude>
    <ClInclude Include="$(SourceRoot)Project64\UserInterface\Debugger\stdafx.h">
      <Filter>Header Files\UserInterface\Debugger</Filter>
    </ClInclude>
    <ClInclude Include="$(SourceRoot)Project64\UserInterface\Debugger\Symbols.h">
      <Filter>Header Files\UserInterface\Debugger</Filter>
    </ClInclude>
    <ClInclude Include="$(SourceRoot)Project64\UserInterface\LoggingUI.h">
      <Filter>Header Files\UserInterface</Filter>
    </ClInclude>
    <ClInclude Include="$(SourceRoot)Project64\UserInterface\MainMenu.h">
      <Filter>Header Files\UserInterface</Filter>
    </ClInclude>
    <ClInclude Include="$(SourceRoot)Project64\UserInterface\MainWindow.h">
      <Filter>Header Files\UserInterface</Filter>
    </ClInclude>
    <ClInclude Include="$(SourceRoot)Project64\UserInterface\MenuClass.h">
      <Filter>Header Files\UserInterface</Filter>
    </ClInclude>
    <ClInclude Include="$(SourceRoot)Project64\UserInterface\MenuShortCuts.h">
      <Filter>Header Files\UserInterface</Filter>
    </ClInclude>
    <ClInclude Include="$(SourceRoot)Project64\UserInterface\Notification.h">
      <Filter>Header Files\UserInterface</Filter>
    </ClInclude>
    <ClInclude Include="$(SourceRoot)Project64\UserInterface\resource.h">
      <Filter>Header Files\UserInterface</Filter>
    </ClInclude>
    <ClInclude Include="$(SourceRoot)Project64\UserInterface\RomBrowser.h">
      <Filter>Header Files\UserInterface</Filter>
    </ClInclude>
    <ClInclude Include="$(SourceRoot)Project64\UserInterface\RomInformationClass.h">
      <Filter>Header Files\UserInterface</Filter>
    </ClInclude>
    <ClInclude Include="$(SourceRoot)Project64\UserInterface\SettingsConfig.h">
      <Filter>Header Files\UserInterface</Filter>
    </ClInclude>
    <ClInclude Include="$(SourceRoot)Project64\UserInterface\Settings\SettingsPage-AdvancedOptions.h">
      <Filter>Header Files\UserInterface\Settings</Filter>
    </ClInclude>
    <ClInclude Include="$(SourceRoot)Project64\UserInterface\Settings\SettingsPage-Directories.h">
      <Filter>Header Files\UserInterface\Settings</Filter>
    </ClInclude>
    <ClInclude Include="$(SourceRoot)Project64\UserInterface\Settings\SettingsPage-Game-General.h">
      <Filter>Header Files\UserInterface\Settings</Filter>
    </ClInclude>
    <ClInclude Include="$(SourceRoot)Project64\UserInterface\Settings\SettingsPage-Game-Plugin.h">
      <Filter>Header Files\UserInterface\Settings</Filter>
    </ClInclude>
    <ClInclude Include="$(SourceRoot)Project64\UserInterface\Settings\SettingsPage-Game-Recompiler.h">
      <Filter>Header Files\UserInterface\Settings</Filter>
    </ClInclude>
    <ClInclude Include="$(SourceRoot)Project64\UserInterface\Settings\SettingsPage-Game-Status.h">
      <Filter>Header Files\UserInterface\Settings</Filter>
    </ClInclude>
    <ClInclude Include="$(SourceRoot)Project64\UserInterface\Settings\SettingsPage-GameBrowser.h">
      <Filter>Header Files\UserInterface\Settings</Filter>
    </ClInclude>
    <ClInclude Include="$(SourceRoot)Project64\UserInterface\Settings\SettingsPage-KeyboardShortcuts.h">
      <Filter>Header Files\UserInterface\Settings</Filter>
    </ClInclude>
    <ClInclude Include="$(SourceRoot)Project64\UserInterface\Settings\SettingsPage-Options.h">
      <Filter>Header Files\UserInterface\Settings</Filter>
    </ClInclude>
    <ClInclude Include="$(SourceRoot)Project64\UserInterface\Settings\SettingsPage-Plugin.h">
      <Filter>Header Files\UserInterface\Settings</Filter>
    </ClInclude>
    <ClInclude Include="$(SourceRoot)Project64\UserInterface\Settings\SettingsPage.h">
      <Filter>Header Files\UserInterface\Settings</Filter>
    </ClInclude>
    <ClInclude Include="$(SourceRoot)Project64\UserInterface\SupportEnterCode.h">
      <Filter>Header Files\UserInterface</Filter>
    </ClInclude>
    <ClInclude Include="$(SourceRoot)Project64\UserInterface\SupportWindow.h">
      <Filter>Header Files\UserInterface</Filter>
    </ClInclude>
    <ClInclude Include="$(SourceRoot)Project64\UserInterface\WTLControls\EditNumber32.h">
      <Filter>Header Files\UserInterface\WTLControls</Filter>
    </ClInclude>
    <ClInclude Include="$(SourceRoot)Project64\UserInterface\WTLControls\ModifiedCheckBox.h">
      <Filter>Header Files\UserInterface\WTLControls</Filter>
    </ClInclude>
    <ClInclude Include="$(SourceRoot)Project64\UserInterface\WTLControls\ModifiedComboBox.h">
      <Filter>Header Files\UserInterface\WTLControls</Filter>
    </ClInclude>
    <ClInclude Include="$(SourceRoot)Project64\UserInterface\WTLControls\ModifiedEditBox.h">
      <Filter>Header Files\UserInterface\WTLControls</Filter>
    </ClInclude>
    <ClInclude Include="$(SourceRoot)Project64\UserInterface\WTLControls\PartialGroupBox.h">
      <Filter>Header Files\UserInterface\WTLControls</Filter>
    </ClInclude>
    <ClInclude Include="$(SourceRoot)Project64\UserInterface\WTLControls\TooltipDialog.h">
      <Filter>Header Files\UserInterface\WTLControls</Filter>
    </ClInclude>
    <ClInclude Include="$(SourceRoot)Project64\WTLApp.h">
      <Filter>Header Files</Filter>
    </ClInclude>
  </ItemGroup>
  <ItemGroup>
    <None Include="$(SourceRoot)Project64\res\divider.cur">
      <Filter>Resource Files\res</Filter>
    </None>
    <None Include="$(SourceRoot)Project64\res\hand.cur">
      <Filter>Resource Files\res</Filter>
    </None>
    <None Include="$(SourceRoot)Project64\UserInterface\API.js">
      <Filter>Resource Files\UserInterface</Filter>
    </None>
    <None Include="$(SourceRoot)Project64\UserInterface\icons\bin00001.bin">
      <Filter>Resource Files\UserInterface\icons</Filter>
    </None>
    <None Include="$(SourceRoot)Project64\UserInterface\Icons\divider.cur">
      <Filter>Resource Files\UserInterface\Icons</Filter>
    </None>
    <None Include="$(SourceRoot)Project64\UserInterface\Icons\hand.cur">
      <Filter>Resource Files\UserInterface\Icons</Filter>
    </None>
    <None Include="$(SourceRoot)Project64\UserInterface\icons\javascri.bin">
      <Filter>Resource Files\UserInterface\icons</Filter>
    </None>
  </ItemGroup>
  <ItemGroup>
    <ResourceCompile Include="$(SourceRoot)Project64\UserInterface\UIResources.rc">
      <Filter>Resource Files\UserInterface</Filter>
    </ResourceCompile>
  </ItemGroup>
</Project>