<?xml version="1.0" encoding="utf-8"?>
<Project ToolsVersion="15.0" xmlns="http://schemas.microsoft.com/developer/msbuild/2003">
  <ItemGroup>
    <Filter Include="Header Files">
      <UniqueIdentifier>{2b5f05b6-b258-49b3-920f-330317f493a0}</UniqueIdentifier>
      <Extensions>h;hpp;hxx;hm;inl</Extensions>
    </Filter>
    <Filter Include="Header Files\3rdParty">
      <UniqueIdentifier>{4084409d-c3c9-4e8c-9772-f6ac499ac9ec}</UniqueIdentifier>
    </Filter>
    <Filter Include="Header Files\3rdParty\zlib">
      <UniqueIdentifier>{c217a778-f9b0-4036-a33d-0e55fc3ed4c4}</UniqueIdentifier>
    </Filter>
    <Filter Include="Header Files\3rdParty\zlib\contrib">
      <UniqueIdentifier>{bccf167e-32aa-462c-9d6c-47940a6c7788}</UniqueIdentifier>
    </Filter>
    <Filter Include="Header Files\3rdParty\zlib\contrib\minizip">
      <UniqueIdentifier>{fcba8cc2-efff-4f6e-a97c-8ec8aa2c4149}</UniqueIdentifier>
    </Filter>
    <Filter Include="Header Files\Multilanguage">
      <UniqueIdentifier>{3a12eaf2-5437-4118-82f5-9f28916a3f02}</UniqueIdentifier>
    </Filter>
    <Filter Include="Header Files\N64System">
      <UniqueIdentifier>{8f3a5e52-da5d-4f4c-a53c-dd4202f68717}</UniqueIdentifier>
    </Filter>
    <Filter Include="Header Files\N64System\Interpreter">
      <UniqueIdentifier>{86070c3f-5a3f-44ce-842f-ec43e350c22d}</UniqueIdentifier>
    </Filter>
    <Filter Include="Header Files\N64System\Mips">
      <UniqueIdentifier>{5d2a5232-510f-4f92-a7c6-8bce3bdf7a03}</UniqueIdentifier>
    </Filter>
    <Filter Include="Header Files\N64System\Recompiler">
      <UniqueIdentifier>{de89e2ee-b615-47df-aa50-41176372db0c}</UniqueIdentifier>
    </Filter>
    <Filter Include="Header Files\N64System\Recompiler\Arm">
      <UniqueIdentifier>{5487518d-f7fa-46af-a44a-f2a87993add3}</UniqueIdentifier>
    </Filter>
    <Filter Include="Header Files\N64System\Recompiler\x64-86">
      <UniqueIdentifier>{d5ad3c8e-5de0-4357-8d24-640fe7831d3d}</UniqueIdentifier>
    </Filter>
    <Filter Include="Header Files\N64System\Recompiler\x86">
      <UniqueIdentifier>{068fe1bb-d0c3-4750-bc81-5dad49a7e1c9}</UniqueIdentifier>
    </Filter>
    <Filter Include="Header Files\Plugins">
      <UniqueIdentifier>{0dba89b8-d1b1-4386-9eb9-cd7161ca8e31}</UniqueIdentifier>
    </Filter>
    <Filter Include="Header Files\RomList">
      <UniqueIdentifier>{593718bf-cbd9-410a-a775-814b0cd9279e}</UniqueIdentifier>
    </Filter>
    <Filter Include="Header Files\Settings">
      <UniqueIdentifier>{d5cf5fef-df41-4ac0-afe9-1f82a3d09902}</UniqueIdentifier>
    </Filter>
    <Filter Include="Header Files\Settings\SettingType">
      <UniqueIdentifier>{67c049cf-9747-4423-a08a-c3ec9d07cdb9}</UniqueIdentifier>
    </Filter>
    <Filter Include="Resource Files">
      <UniqueIdentifier>{991607aa-b6c0-4e0c-8192-232954a05b70}</UniqueIdentifier>
      <Extensions>ico;cur;bmp;dlg;rc2;rct;bin;rgs;gif;jpg;jpeg;jpe</Extensions>
    </Filter>
    <Filter Include="Source Files">
      <UniqueIdentifier>{dea1e963-9f5e-4728-9921-0f5b71acf740}</UniqueIdentifier>
      <Extensions>cpp;c;cxx;rc;def;r;odl;idl;hpj;bat</Extensions>
    </Filter>
    <Filter Include="Source Files\3rdParty">
      <UniqueIdentifier>{a8b3b525-fea0-4d32-b4d2-39fa59cc81ff}</UniqueIdentifier>
    </Filter>
    <Filter Include="Source Files\Multilanguage">
      <UniqueIdentifier>{afbe24bd-760f-446b-ba9d-41dcb2d230db}</UniqueIdentifier>
    </Filter>
    <Filter Include="Source Files\N64System">
      <UniqueIdentifier>{2919e42f-c1bf-4bf5-8b62-d0b66be509f6}</UniqueIdentifier>
    </Filter>
    <Filter Include="Source Files\N64System\Interpreter">
      <UniqueIdentifier>{6dc3ee0c-b50e-451c-b7c6-afd54e2865da}</UniqueIdentifier>
    </Filter>
    <Filter Include="Source Files\N64System\Mips">
      <UniqueIdentifier>{5ec27138-7832-4b59-999c-9d7a2fbed82d}</UniqueIdentifier>
    </Filter>
    <Filter Include="Source Files\N64System\Recompiler">
      <UniqueIdentifier>{e98c6cef-248c-4299-be2b-3d3b78b33e64}</UniqueIdentifier>
    </Filter>
    <Filter Include="Source Files\N64System\Recompiler\Arm">
      <UniqueIdentifier>{10d8a688-8ae1-4329-9fdb-b406ce76fe24}</UniqueIdentifier>
    </Filter>
    <Filter Include="Source Files\N64System\Recompiler\x86">
      <UniqueIdentifier>{725231e6-bc2f-4932-87fc-efe14582207e}</UniqueIdentifier>
    </Filter>
    <Filter Include="Source Files\Plugins">
      <UniqueIdentifier>{268727ed-57f2-4fc3-b56e-02a5acb992f5}</UniqueIdentifier>
    </Filter>
    <Filter Include="Source Files\RomList">
      <UniqueIdentifier>{7189941a-3035-4830-ab38-1f5bdb1a7ecc}</UniqueIdentifier>
    </Filter>
    <Filter Include="Source Files\Settings">
      <UniqueIdentifier>{18863a46-1b86-418e-91e7-a5c6b667b738}</UniqueIdentifier>
    </Filter>
    <Filter Include="Source Files\Settings\SettingType">
      <UniqueIdentifier>{29bf20f9-0d2d-4b9e-a6b7-422088e35664}</UniqueIdentifier>
    </Filter>
  </ItemGroup>
  <ItemGroup>
    <ClCompile Include="$(SourceRoot)Project64-core\3rdParty\7zip.cpp">
      <Filter>Source Files\3rdParty</Filter>
    </ClCompile>
    <ClCompile Include="$(SourceRoot)Project64-core\AppInit.cpp">
      <Filter>Source Files</Filter>
    </ClCompile>
    <ClCompile Include="$(SourceRoot)Project64-core\Logging.cpp">
      <Filter>Source Files</Filter>
    </ClCompile>
    <ClCompile Include="$(SourceRoot)Project64-core\MemoryExceptionFilter.cpp">
      <Filter>Source Files</Filter>
    </ClCompile>
    <ClCompile Include="$(SourceRoot)Project64-core\Multilanguage\LanguageClass.cpp">
      <Filter>Source Files\Multilanguage</Filter>
    </ClCompile>
    <ClCompile Include="$(SourceRoot)Project64-core\N64System\CheatClass.cpp">
      <Filter>Source Files\N64System</Filter>
    </ClCompile>
    <ClCompile Include="$(SourceRoot)Project64-core\N64System\EmulationThread.cpp">
      <Filter>Source Files\N64System</Filter>
    </ClCompile>
    <ClCompile Include="$(SourceRoot)Project64-core\N64System\FramePerSecondClass.cpp">
      <Filter>Source Files\N64System</Filter>
    </ClCompile>
    <ClCompile Include="$(SourceRoot)Project64-core\N64System\Interpreter\InterpreterCPU.cpp">
      <Filter>Source Files\N64System\Interpreter</Filter>
    </ClCompile>
    <ClCompile Include="$(SourceRoot)Project64-core\N64System\Interpreter\InterpreterOps.cpp">
      <Filter>Source Files\N64System\Interpreter</Filter>
    </ClCompile>
    <ClCompile Include="$(SourceRoot)Project64-core\N64System\Interpreter\InterpreterOps32.cpp">
      <Filter>Source Files\N64System\Interpreter</Filter>
    </ClCompile>
    <ClCompile Include="$(SourceRoot)Project64-core\N64System\Mips\Audio.cpp">
      <Filter>Source Files\N64System\Mips</Filter>
    </ClCompile>
    <ClCompile Include="$(SourceRoot)Project64-core\N64System\Mips\Disk.cpp">
      <Filter>Source Files\N64System\Mips</Filter>
    </ClCompile>
    <ClCompile Include="$(SourceRoot)Project64-core\N64System\Mips\Dma.cpp">
      <Filter>Source Files\N64System\Mips</Filter>
    </ClCompile>
    <ClCompile Include="$(SourceRoot)Project64-core\N64System\Mips\Eeprom.cpp">
      <Filter>Source Files\N64System\Mips</Filter>
    </ClCompile>
    <ClCompile Include="$(SourceRoot)Project64-core\N64System\Mips\FlashRam.cpp">
      <Filter>Source Files\N64System\Mips</Filter>
    </ClCompile>
    <ClCompile Include="$(SourceRoot)Project64-core\N64System\Mips\GBCart.cpp">
      <Filter>Source Files\N64System\Mips</Filter>
    </ClCompile>
    <ClCompile Include="$(SourceRoot)Project64-core\N64System\Mips\MemoryVirtualMem.cpp">
      <Filter>Source Files\N64System\Mips</Filter>
    </ClCompile>
    <ClCompile Include="$(SourceRoot)Project64-core\N64System\Mips\Mempak.cpp">
      <Filter>Source Files\N64System\Mips</Filter>
    </ClCompile>
    <ClCompile Include="$(SourceRoot)Project64-core\N64System\Mips\OpcodeName.cpp">
      <Filter>Source Files\N64System\Mips</Filter>
    </ClCompile>
    <ClCompile Include="$(SourceRoot)Project64-core\N64System\Mips\PifRam.cpp">
      <Filter>Source Files\N64System\Mips</Filter>
    </ClCompile>
    <ClCompile Include="$(SourceRoot)Project64-core\N64System\Mips\RegisterClass.cpp">
      <Filter>Source Files\N64System\Mips</Filter>
    </ClCompile>
    <ClCompile Include="$(SourceRoot)Project64-core\N64System\Mips\Rumblepak.cpp">
      <Filter>Source Files\N64System\Mips</Filter>
    </ClCompile>
    <ClCompile Include="$(SourceRoot)Project64-core\N64System\Mips\Sram.cpp">
      <Filter>Source Files\N64System\Mips</Filter>
    </ClCompile>
    <ClCompile Include="$(SourceRoot)Project64-core\N64System\Mips\SystemEvents.cpp">
      <Filter>Source Files\N64System\Mips</Filter>
    </ClCompile>
    <ClCompile Include="$(SourceRoot)Project64-core\N64System\Mips\SystemTiming.cpp">
      <Filter>Source Files\N64System\Mips</Filter>
    </ClCompile>
    <ClCompile Include="$(SourceRoot)Project64-core\N64System\Mips\TLBclass.cpp">
      <Filter>Source Files\N64System\Mips</Filter>
    </ClCompile>
    <ClCompile Include="$(SourceRoot)Project64-core\N64System\Mips\Transferpak.cpp">
      <Filter>Source Files\N64System\Mips</Filter>
    </ClCompile>
    <ClCompile Include="$(SourceRoot)Project64-core\N64System\N64Class.cpp">
      <Filter>Source Files\N64System</Filter>
    </ClCompile>
    <ClCompile Include="$(SourceRoot)Project64-core\N64System\N64DiskClass.cpp">
      <Filter>Source Files\N64System</Filter>
    </ClCompile>
    <ClCompile Include="$(SourceRoot)Project64-core\N64System\N64RomClass.cpp">
      <Filter>Source Files\N64System</Filter>
    </ClCompile>
    <ClCompile Include="$(SourceRoot)Project64-core\N64System\ProfilingClass.cpp">
      <Filter>Source Files\N64System</Filter>
    </ClCompile>
    <ClCompile Include="$(SourceRoot)Project64-core\N64System\Recompiler\Arm\ArmOps.cpp">
      <Filter>Source Files\N64System\Recompiler\Arm</Filter>
    </ClCompile>
    <ClCompile Include="$(SourceRoot)Project64-core\N64System\Recompiler\Arm\ArmRecompilerOps.cpp">
      <Filter>Source Files\N64System\Recompiler\Arm</Filter>
    </ClCompile>
    <ClCompile Include="$(SourceRoot)Project64-core\N64System\Recompiler\Arm\ArmRegInfo.cpp">
      <Filter>Source Files\N64System\Recompiler\Arm</Filter>
    </ClCompile>
    <ClCompile Include="$(SourceRoot)Project64-core\N64System\Recompiler\CodeBlock.cpp">
      <Filter>Source Files\N64System\Recompiler</Filter>
    </ClCompile>
    <ClCompile Include="$(SourceRoot)Project64-core\N64System\Recompiler\CodeSection.cpp">
      <Filter>Source Files\N64System\Recompiler</Filter>
    </ClCompile>
    <ClCompile Include="$(SourceRoot)Project64-core\N64System\Recompiler\FunctionInfo.cpp">
      <Filter>Source Files\N64System\Recompiler</Filter>
    </ClCompile>
    <ClCompile Include="$(SourceRoot)Project64-core\N64System\Recompiler\FunctionMapClass.cpp">
      <Filter>Source Files\N64System\Recompiler</Filter>
    </ClCompile>
    <ClCompile Include="$(SourceRoot)Project64-core\N64System\Recompiler\LoopAnalysis.cpp">
      <Filter>Source Files\N64System\Recompiler</Filter>
    </ClCompile>
    <ClCompile Include="$(SourceRoot)Project64-core\N64System\Recompiler\RecompilerClass.cpp">
      <Filter>Source Files\N64System\Recompiler</Filter>
    </ClCompile>
    <ClCompile Include="$(SourceRoot)Project64-core\N64System\Recompiler\RecompilerCodeLog.cpp">
      <Filter>Source Files\N64System\Recompiler</Filter>
    </ClCompile>
    <ClCompile Include="$(SourceRoot)Project64-core\N64System\Recompiler\RecompilerMemory.cpp">
      <Filter>Source Files\N64System\Recompiler</Filter>
    </ClCompile>
    <ClCompile Include="$(SourceRoot)Project64-core\N64System\Recompiler\RegBase.cpp">
      <Filter>Source Files\N64System\Recompiler</Filter>
    </ClCompile>
    <ClCompile Include="$(SourceRoot)Project64-core\N64System\Recompiler\SectionInfo.cpp">
      <Filter>Source Files\N64System\Recompiler</Filter>
    </ClCompile>
    <ClCompile Include="$(SourceRoot)Project64-core\N64System\Recompiler\x86\x86ops.cpp">
      <Filter>Source Files\N64System\Recompiler\x86</Filter>
    </ClCompile>
    <ClCompile Include="$(SourceRoot)Project64-core\N64System\Recompiler\x86\x86RecompilerOps.cpp">
      <Filter>Source Files\N64System\Recompiler\x86</Filter>
    </ClCompile>
    <ClCompile Include="$(SourceRoot)Project64-core\N64System\Recompiler\x86\x86RegInfo.cpp">
      <Filter>Source Files\N64System\Recompiler\x86</Filter>
    </ClCompile>
    <ClCompile Include="$(SourceRoot)Project64-core\N64System\SpeedLimiterClass.cpp">
      <Filter>Source Files\N64System</Filter>
    </ClCompile>
    <ClCompile Include="$(SourceRoot)Project64-core\N64System\SystemGlobals.cpp">
      <Filter>Source Files\N64System</Filter>
    </ClCompile>
    <ClCompile Include="$(SourceRoot)Project64-core\Plugins\AudioPlugin.cpp">
      <Filter>Source Files\Plugins</Filter>
    </ClCompile>
    <ClCompile Include="$(SourceRoot)Project64-core\Plugins\ControllerPlugin.cpp">
      <Filter>Source Files\Plugins</Filter>
    </ClCompile>
    <ClCompile Include="$(SourceRoot)Project64-core\Plugins\GFXPlugin.cpp">
      <Filter>Source Files\Plugins</Filter>
    </ClCompile>
    <ClCompile Include="$(SourceRoot)Project64-core\Plugins\PluginBase.cpp">
      <Filter>Source Files\Plugins</Filter>
    </ClCompile>
    <ClCompile Include="$(SourceRoot)Project64-core\Plugins\PluginClass.cpp">
      <Filter>Source Files\Plugins</Filter>
    </ClCompile>
    <ClCompile Include="$(SourceRoot)Project64-core\Plugins\RSPPlugin.cpp">
      <Filter>Source Files\Plugins</Filter>
    </ClCompile>
    <ClCompile Include="$(SourceRoot)Project64-core\RomList\RomList.cpp">
      <Filter>Source Files\RomList</Filter>
    </ClCompile>
    <ClCompile Include="$(SourceRoot)Project64-core\Settings.cpp">
      <Filter>Source Files</Filter>
    </ClCompile>
    <ClCompile Include="$(SourceRoot)Project64-core\Settings\DebugSettings.cpp">
      <Filter>Source Files\Settings</Filter>
    </ClCompile>
    <ClCompile Include="$(SourceRoot)Project64-core\Settings\GameSettings.cpp">
      <Filter>Source Files\Settings</Filter>
    </ClCompile>
    <ClCompile Include="$(SourceRoot)Project64-core\Settings\LoggingSettings.cpp">
      <Filter>Source Files\Settings</Filter>
    </ClCompile>
    <ClCompile Include="$(SourceRoot)Project64-core\Settings\N64SystemSettings.cpp">
      <Filter>Source Files\Settings</Filter>
    </ClCompile>
    <ClCompile Include="$(SourceRoot)Project64-core\Settings\RecompilerSettings.cpp">
      <Filter>Source Files\Settings</Filter>
    </ClCompile>
    <ClCompile Include="$(SourceRoot)Project64-core\Settings\SettingType\SettingsType-Application.cpp">
      <Filter>Source Files\Settings\SettingType</Filter>
    </ClCompile>
    <ClCompile Include="$(SourceRoot)Project64-core\Settings\SettingType\SettingsType-ApplicationIndex.cpp">
      <Filter>Source Files\Settings\SettingType</Filter>
    </ClCompile>
    <ClCompile Include="$(SourceRoot)Project64-core\Settings\SettingType\SettingsType-ApplicationPath.cpp">
      <Filter>Source Files\Settings\SettingType</Filter>
    </ClCompile>
    <ClCompile Include="$(SourceRoot)Project64-core\Settings\SettingType\SettingsType-Cheats.cpp">
      <Filter>Source Files\Settings\SettingType</Filter>
    </ClCompile>
    <ClCompile Include="$(SourceRoot)Project64-core\Settings\SettingType\SettingsType-GameSetting.cpp">
      <Filter>Source Files\Settings\SettingType</Filter>
    </ClCompile>
    <ClCompile Include="$(SourceRoot)Project64-core\Settings\SettingType\SettingsType-GameSettingIndex.cpp">
      <Filter>Source Files\Settings\SettingType</Filter>
    </ClCompile>
    <ClCompile Include="$(SourceRoot)Project64-core\Settings\SettingType\SettingsType-RDBCpuType.cpp">
      <Filter>Source Files\Settings\SettingType</Filter>
    </ClCompile>
    <ClCompile Include="$(SourceRoot)Project64-core\Settings\SettingType\SettingsType-RDBOnOff.cpp">
      <Filter>Source Files\Settings\SettingType</Filter>
    </ClCompile>
    <ClCompile Include="$(SourceRoot)Project64-core\Settings\SettingType\SettingsType-RDBRamSize.cpp">
      <Filter>Source Files\Settings\SettingType</Filter>
    </ClCompile>
    <ClCompile Include="$(SourceRoot)Project64-core\Settings\SettingType\SettingsType-RDBSaveChip.cpp">
      <Filter>Source Files\Settings\SettingType</Filter>
    </ClCompile>
    <ClCompile Include="$(SourceRoot)Project64-core\Settings\SettingType\SettingsType-RDBYesNo.cpp">
      <Filter>Source Files\Settings\SettingType</Filter>
    </ClCompile>
    <ClCompile Include="$(SourceRoot)Project64-core\Settings\SettingType\SettingsType-RelativePath.cpp">
      <Filter>Source Files\Settings\SettingType</Filter>
    </ClCompile>
    <ClCompile Include="$(SourceRoot)Project64-core\Settings\SettingType\SettingsType-RomDatabase.cpp">
      <Filter>Source Files\Settings\SettingType</Filter>
    </ClCompile>
    <ClCompile Include="$(SourceRoot)Project64-core\Settings\SettingType\SettingsType-RomDatabaseIndex.cpp">
      <Filter>Source Files\Settings\SettingType</Filter>
    </ClCompile>
    <ClCompile Include="$(SourceRoot)Project64-core\Settings\SettingType\SettingsType-RomDatabaseSetting.cpp">
      <Filter>Source Files\Settings\SettingType</Filter>
    </ClCompile>
    <ClCompile Include="$(SourceRoot)Project64-core\Settings\SettingType\SettingsType-SelectedDirectory.cpp">
      <Filter>Source Files\Settings\SettingType</Filter>
    </ClCompile>
    <ClCompile Include="$(SourceRoot)Project64-core\Settings\SettingType\SettingsType-TempBool.cpp">
      <Filter>Source Files\Settings\SettingType</Filter>
    </ClCompile>
    <ClCompile Include="$(SourceRoot)Project64-core\Settings\SettingType\SettingsType-TempNumber.cpp">
      <Filter>Source Files\Settings\SettingType</Filter>
    </ClCompile>
    <ClCompile Include="$(SourceRoot)Project64-core\Settings\SettingType\SettingsType-TempString.cpp">
      <Filter>Source Files\Settings\SettingType</Filter>
    </ClCompile>
    <ClCompile Include="$(SourceRoot)Project64-core\stdafx.cpp">
      <Filter>Source Files</Filter>
    </ClCompile>
  </ItemGroup>
  <ItemGroup>
    <ClInclude Include="$(SourceRoot)Project64-core\..\3rdParty\zlib\contrib\minizip\unzip.h">
      <Filter>Header Files\3rdParty\zlib\contrib\minizip</Filter>
    </ClInclude>
    <ClInclude Include="$(SourceRoot)Project64-core\..\3rdParty\zlib\contrib\minizip\zip.h">
      <Filter>Header Files\3rdParty\zlib\contrib\minizip</Filter>
    </ClInclude>
    <ClInclude Include="$(SourceRoot)Project64-core\..\3rdParty\zlib\zconf.h">
      <Filter>Header Files\3rdParty\zlib</Filter>
    </ClInclude>
    <ClInclude Include="$(SourceRoot)Project64-core\..\3rdParty\zlib\zlib.h">
      <Filter>Header Files\3rdParty\zlib</Filter>
    </ClInclude>
    <ClInclude Include="$(SourceRoot)Project64-core\3rdParty\7zip.h">
      <Filter>Header Files\3rdParty</Filter>
    </ClInclude>
    <ClInclude Include="$(SourceRoot)Project64-core\3rdParty\zip.h">
      <Filter>Header Files\3rdParty</Filter>
    </ClInclude>
    <ClInclude Include="$(SourceRoot)Project64-core\AppInit.h">
      <Filter>Header Files</Filter>
    </ClInclude>
    <ClInclude Include="$(SourceRoot)Project64-core\Debugger.h">
      <Filter>Header Files</Filter>
    </ClInclude>
    <ClInclude Include="$(SourceRoot)Project64-core\ExceptionHandler.h">
      <Filter>Header Files</Filter>
    </ClInclude>
    <ClInclude Include="$(SourceRoot)Project64-core\Logging.h">
      <Filter>Header Files</Filter>
    </ClInclude>
    <ClInclude Include="$(SourceRoot)Project64-core\Multilanguage.h">
      <Filter>Header Files</Filter>
    </ClInclude>
    <ClInclude Include="$(SourceRoot)Project64-core\Multilanguage\LanguageClass.h">
      <Filter>Header Files\Multilanguage</Filter>
    </ClInclude>
    <ClInclude Include="$(SourceRoot)Project64-core\N64System\CheatClass.h">
      <Filter>Header Files\N64System</Filter>
    </ClInclude>
    <ClInclude Include="$(SourceRoot)Project64-core\N64System\FramePerSecondClass.h">
      <Filter>Header Files\N64System</Filter>
    </ClInclude>
    <ClInclude Include="$(SourceRoot)Project64-core\N64System\Interpreter\InterpreterCPU.h">
      <Filter>Header Files\N64System\Interpreter</Filter>
    </ClInclude>
    <ClInclude Include="$(SourceRoot)Project64-core\N64System\Interpreter\InterpreterOps.h">
      <Filter>Header Files\N64System\Interpreter</Filter>
    </ClInclude>
    <ClInclude Include="$(SourceRoot)Project64-core\N64System\Interpreter\InterpreterOps32.h">
      <Filter>Header Files\N64System\Interpreter</Filter>
    </ClInclude>
    <ClInclude Include="$(SourceRoot)Project64-core\N64System\Mips\Audio.h">
      <Filter>Header Files\N64System\Mips</Filter>
    </ClInclude>
    <ClInclude Include="$(SourceRoot)Project64-core\N64System\Mips\Disk.h">
      <Filter>Header Files\N64System\Mips</Filter>
    </ClInclude>
    <ClInclude Include="$(SourceRoot)Project64-core\N64System\Mips\Dma.h">
      <Filter>Header Files\N64System\Mips</Filter>
    </ClInclude>
    <ClInclude Include="$(SourceRoot)Project64-core\N64System\Mips\Eeprom.h">
      <Filter>Header Files\N64System\Mips</Filter>
    </ClInclude>
    <ClInclude Include="$(SourceRoot)Project64-core\N64System\Mips\FlashRam.h">
      <Filter>Header Files\N64System\Mips</Filter>
    </ClInclude>
    <ClInclude Include="$(SourceRoot)Project64-core\N64System\Mips\GBCart.h">
      <Filter>Header Files\N64System\Mips</Filter>
    </ClInclude>
    <ClInclude Include="$(SourceRoot)Project64-core\N64System\Mips\MemoryVirtualMem.h">
      <Filter>Header Files\N64System\Mips</Filter>
    </ClInclude>
    <ClInclude Include="$(SourceRoot)Project64-core\N64System\Mips\Mempak.h">
      <Filter>Header Files\N64System\Mips</Filter>
    </ClInclude>
    <ClInclude Include="$(SourceRoot)Project64-core\N64System\Mips\OpCode.h">
      <Filter>Header Files\N64System\Mips</Filter>
    </ClInclude>
    <ClInclude Include="$(SourceRoot)Project64-core\N64System\Mips\OpcodeName.h">
      <Filter>Header Files\N64System\Mips</Filter>
    </ClInclude>
    <ClInclude Include="$(SourceRoot)Project64-core\N64System\Mips\PifRam.h">
      <Filter>Header Files\N64System\Mips</Filter>
    </ClInclude>
    <ClInclude Include="$(SourceRoot)Project64-core\N64System\Mips\RegisterClass.h">
      <Filter>Header Files\N64System\Mips</Filter>
    </ClInclude>
    <ClInclude Include="$(SourceRoot)Project64-core\N64System\Mips\Rumblepak.h">
      <Filter>Header Files\N64System\Mips</Filter>
    </ClInclude>
    <ClInclude Include="$(SourceRoot)Project64-core\N64System\Mips\Sram.h">
      <Filter>Header Files\N64System\Mips</Filter>
    </ClInclude>
    <ClInclude Include="$(SourceRoot)Project64-core\N64System\Mips\SystemEvents.h">
      <Filter>Header Files\N64System\Mips</Filter>
    </ClInclude>
    <ClInclude Include="$(SourceRoot)Project64-core\N64System\Mips\SystemTiming.h">
      <Filter>Header Files\N64System\Mips</Filter>
    </ClInclude>
    <ClInclude Include="$(SourceRoot)Project64-core\N64System\Mips\TLBClass.h">
      <Filter>Header Files\N64System\Mips</Filter>
    </ClInclude>
    <ClInclude Include="$(SourceRoot)Project64-core\N64System\Mips\Transferpak.h">
      <Filter>Header Files\N64System\Mips</Filter>
    </ClInclude>
    <ClInclude Include="$(SourceRoot)Project64-core\N64System\Mips\TranslateVaddr.h">
      <Filter>Header Files\N64System\Mips</Filter>
    </ClInclude>
    <ClInclude Include="$(SourceRoot)Project64-core\N64System\N64Class.h">
      <Filter>Header Files\N64System</Filter>
    </ClInclude>
    <ClInclude Include="$(SourceRoot)Project64-core\N64System\N64DiskClass.h">
      <Filter>Header Files\N64System</Filter>
    </ClInclude>
    <ClInclude Include="$(SourceRoot)Project64-core\N64System\N64RomClass.h">
      <Filter>Header Files\N64System</Filter>
    </ClInclude>
    <ClInclude Include="$(SourceRoot)Project64-core\N64System\N64Types.h">
      <Filter>Header Files\N64System</Filter>
    </ClInclude>
    <ClInclude Include="$(SourceRoot)Project64-core\N64System\ProfilingClass.h">
      <Filter>Header Files\N64System</Filter>
    </ClInclude>
    <ClInclude Include="$(SourceRoot)Project64-core\N64System\Recompiler\Arm\ArmOpCode.h">
      <Filter>Header Files\N64System\Recompiler\Arm</Filter>
    </ClInclude>
    <ClInclude Include="$(SourceRoot)Project64-core\N64System\Recompiler\Arm\ArmOps.h">
      <Filter>Header Files\N64System\Recompiler\Arm</Filter>
    </ClInclude>
    <ClInclude Include="$(SourceRoot)Project64-core\N64System\Recompiler\Arm\ArmRecompilerOps.h">
      <Filter>Header Files\N64System\Recompiler\Arm</Filter>
    </ClInclude>
    <ClInclude Include="$(SourceRoot)Project64-core\N64System\Recompiler\Arm\ArmRegInfo.h">
      <Filter>Header Files\N64System\Recompiler\Arm</Filter>
    </ClInclude>
    <ClInclude Include="$(SourceRoot)Project64-core\N64System\Recompiler\CodeBlock.h">
      <Filter>Header Files\N64System\Recompiler</Filter>
    </ClInclude>
    <ClInclude Include="$(SourceRoot)Project64-core\N64System\Recompiler\CodeSection.h">
      <Filter>Header Files\N64System\Recompiler</Filter>
    </ClInclude>
    <ClInclude Include="$(SourceRoot)Project64-core\N64System\Recompiler\ExitInfo.h">
      <Filter>Header Files\N64System\Recompiler</Filter>
    </ClInclude>
    <ClInclude Include="$(SourceRoot)Project64-core\N64System\Recompiler\FunctionInfo.h">
      <Filter>Header Files\N64System\Recompiler</Filter>
    </ClInclude>
    <ClInclude Include="$(SourceRoot)Project64-core\N64System\Recompiler\FunctionMapClass.h">
      <Filter>Header Files\N64System\Recompiler</Filter>
    </ClInclude>
    <ClInclude Include="$(SourceRoot)Project64-core\N64System\Recompiler\JumpInfo.h">
      <Filter>Header Files\N64System\Recompiler</Filter>
    </ClInclude>
    <ClInclude Include="$(SourceRoot)Project64-core\N64System\Recompiler\LoopAnalysis.h">
      <Filter>Header Files\N64System\Recompiler</Filter>
    </ClInclude>
    <ClInclude Include="$(SourceRoot)Project64-core\N64System\Recompiler\RecompilerClass.h">
      <Filter>Header Files\N64System\Recompiler</Filter>
    </ClInclude>
    <ClInclude Include="$(SourceRoot)Project64-core\N64System\Recompiler\RecompilerCodeLog.h">
      <Filter>Header Files\N64System\Recompiler</Filter>
    </ClInclude>
    <ClInclude Include="$(SourceRoot)Project64-core\N64System\Recompiler\RecompilerMemory.h">
      <Filter>Header Files\N64System\Recompiler</Filter>
    </ClInclude>
    <ClInclude Include="$(SourceRoot)Project64-core\N64System\Recompiler\RecompilerOps.h">
      <Filter>Header Files\N64System\Recompiler</Filter>
    </ClInclude>
    <ClInclude Include="$(SourceRoot)Project64-core\N64System\Recompiler\RegBase.h">
      <Filter>Header Files\N64System\Recompiler</Filter>
    </ClInclude>
    <ClInclude Include="$(SourceRoot)Project64-core\N64System\Recompiler\RegInfo.h">
      <Filter>Header Files\N64System\Recompiler</Filter>
    </ClInclude>
    <ClInclude Include="$(SourceRoot)Project64-core\N64System\Recompiler\SectionInfo.h">
      <Filter>Header Files\N64System\Recompiler</Filter>
    </ClInclude>
    <ClInclude Include="$(SourceRoot)Project64-core\N64System\Recompiler\x64-86\x64RegInfo.h">
      <Filter>Header Files\N64System\Recompiler\x64-86</Filter>
    </ClInclude>
    <ClInclude Include="$(SourceRoot)Project64-core\N64System\Recompiler\x86\x86ops.h">
      <Filter>Header Files\N64System\Recompiler\x86</Filter>
    </ClInclude>
    <ClInclude Include="$(SourceRoot)Project64-core\N64System\Recompiler\x86\x86RecompilerOps.h">
      <Filter>Header Files\N64System\Recompiler\x86</Filter>
    </ClInclude>
    <ClInclude Include="$(SourceRoot)Project64-core\N64System\Recompiler\x86\x86RegInfo.h">
      <Filter>Header Files\N64System\Recompiler\x86</Filter>
    </ClInclude>
    <ClInclude Include="$(SourceRoot)Project64-core\N64System\SpeedLimiterClass.h">
      <Filter>Header Files\N64System</Filter>
    </ClInclude>
    <ClInclude Include="$(SourceRoot)Project64-core\N64System\SystemGlobals.h">
      <Filter>Header Files\N64System</Filter>
    </ClInclude>
    <ClInclude Include="$(SourceRoot)Project64-core\Notification.h">
      <Filter>Header Files</Filter>
    </ClInclude>
    <ClInclude Include="$(SourceRoot)Project64-core\Plugin.h">
      <Filter>Header Files</Filter>
    </ClInclude>
    <ClInclude Include="$(SourceRoot)Project64-core\Plugins\AudioPlugin.h">
      <Filter>Header Files\Plugins</Filter>
    </ClInclude>
    <ClInclude Include="$(SourceRoot)Project64-core\Plugins\ControllerPlugin.h">
      <Filter>Header Files\Plugins</Filter>
    </ClInclude>
    <ClInclude Include="$(SourceRoot)Project64-core\Plugins\GFXPlugin.h">
      <Filter>Header Files\Plugins</Filter>
    </ClInclude>
    <ClInclude Include="$(SourceRoot)Project64-core\Plugins\PluginBase.h">
      <Filter>Header Files\Plugins</Filter>
    </ClInclude>
    <ClInclude Include="$(SourceRoot)Project64-core\Plugins\PluginClass.h">
      <Filter>Header Files\Plugins</Filter>
    </ClInclude>
    <ClInclude Include="$(SourceRoot)Project64-core\Plugins\RSPPlugin.h">
      <Filter>Header Files\Plugins</Filter>
    </ClInclude>
    <ClInclude Include="$(SourceRoot)Project64-core\RomList\RomList.h">
      <Filter>Header Files\RomList</Filter>
    </ClInclude>
    <ClInclude Include="$(SourceRoot)Project64-core\Settings.h">
      <Filter>Header Files</Filter>
    </ClInclude>
    <ClInclude Include="$(SourceRoot)Project64-core\Settings\DebugSettings.h">
      <Filter>Header Files\Settings</Filter>
    </ClInclude>
    <ClInclude Include="$(SourceRoot)Project64-core\Settings\GameSettings.h">
      <Filter>Header Files\Settings</Filter>
    </ClInclude>
    <ClInclude Include="$(SourceRoot)Project64-core\Settings\LoggingSettings.h">
      <Filter>Header Files\Settings</Filter>
    </ClInclude>
    <ClInclude Include="$(SourceRoot)Project64-core\Settings\N64SystemSettings.h">
      <Filter>Header Files\Settings</Filter>
    </ClInclude>
    <ClInclude Include="$(SourceRoot)Project64-core\Settings\RecompilerSettings.h">
      <Filter>Header Files\Settings</Filter>
    </ClInclude>
    <ClInclude Include="$(SourceRoot)Project64-core\Settings\SettingsID.h">
      <Filter>Header Files\Settings</Filter>
    </ClInclude>
    <ClInclude Include="$(SourceRoot)Project64-core\Settings\SettingType\SettingsType-Application.h">
      <Filter>Header Files\Settings\SettingType</Filter>
    </ClInclude>
    <ClInclude Include="$(SourceRoot)Project64-core\Settings\SettingType\SettingsType-ApplicationIndex.h">
      <Filter>Header Files\Settings\SettingType</Filter>
    </ClInclude>
    <ClInclude Include="$(SourceRoot)Project64-core\Settings\SettingType\SettingsType-ApplicationPath.h">
      <Filter>Header Files\Settings\SettingType</Filter>
    </ClInclude>
    <ClInclude Include="$(SourceRoot)Project64-core\Settings\SettingType\SettingsType-Base.h">
      <Filter>Header Files\Settings\SettingType</Filter>
    </ClInclude>
    <ClInclude Include="$(SourceRoot)Project64-core\Settings\SettingType\SettingsType-Cheats.h">
      <Filter>Header Files\Settings\SettingType</Filter>
    </ClInclude>
    <ClInclude Include="$(SourceRoot)Project64-core\Settings\SettingType\SettingsType-GameSetting.h">
      <Filter>Header Files\Settings\SettingType</Filter>
    </ClInclude>
    <ClInclude Include="$(SourceRoot)Project64-core\Settings\SettingType\SettingsType-GameSettingIndex.h">
      <Filter>Header Files\Settings\SettingType</Filter>
    </ClInclude>
    <ClInclude Include="$(SourceRoot)Project64-core\Settings\SettingType\SettingsType-RDBCpuType.h">
      <Filter>Header Files\Settings\SettingType</Filter>
    </ClInclude>
    <ClInclude Include="$(SourceRoot)Project64-core\Settings\SettingType\SettingsType-RDBOnOff.h">
      <Filter>Header Files\Settings\SettingType</Filter>
    </ClInclude>
    <ClInclude Include="$(SourceRoot)Project64-core\Settings\SettingType\SettingsType-RDBRamSize.h">
      <Filter>Header Files\Settings\SettingType</Filter>
    </ClInclude>
    <ClInclude Include="$(SourceRoot)Project64-core\Settings\SettingType\SettingsType-RDBSaveChip.h">
      <Filter>Header Files\Settings\SettingType</Filter>
    </ClInclude>
    <ClInclude Include="$(SourceRoot)Project64-core\Settings\SettingType\SettingsType-RDBYesNo.h">
      <Filter>Header Files\Settings\SettingType</Filter>
    </ClInclude>
    <ClInclude Include="$(SourceRoot)Project64-core\Settings\SettingType\SettingsType-RelativePath.h">
      <Filter>Header Files\Settings\SettingType</Filter>
    </ClInclude>
    <ClInclude Include="$(SourceRoot)Project64-core\Settings\SettingType\SettingsType-RomDatabase.h">
      <Filter>Header Files\Settings\SettingType</Filter>
    </ClInclude>
    <ClInclude Include="$(SourceRoot)Project64-core\Settings\SettingType\SettingsType-RomDatabaseIndex.h">
      <Filter>Header Files\Settings\SettingType</Filter>
    </ClInclude>
    <ClInclude Include="$(SourceRoot)Project64-core\Settings\SettingType\SettingsType-RomDatabaseSetting.h">
      <Filter>Header Files\Settings\SettingType</Filter>
    </ClInclude>
    <ClInclude Include="$(SourceRoot)Project64-core\Settings\SettingType\SettingsType-RomSetting.h">
      <Filter>Header Files\Settings\SettingType</Filter>
    </ClInclude>
    <ClInclude Include="$(SourceRoot)Project64-core\Settings\SettingType\SettingsType-SelectedDirectory.h">
      <Filter>Header Files\Settings\SettingType</Filter>
    </ClInclude>
    <ClInclude Include="$(SourceRoot)Project64-core\Settings\SettingType\SettingsType-TempBool.h">
      <Filter>Header Files\Settings\SettingType</Filter>
    </ClInclude>
    <ClInclude Include="$(SourceRoot)Project64-core\Settings\SettingType\SettingsType-TempNumber.h">
      <Filter>Header Files\Settings\SettingType</Filter>
    </ClInclude>
    <ClInclude Include="$(SourceRoot)Project64-core\Settings\SettingType\SettingsType-TempString.h">
      <Filter>Header Files\Settings\SettingType</Filter>
    </ClInclude>
    <ClInclude Include="$(SourceRoot)Project64-core\stdafx.h">
      <Filter>Header Files</Filter>
    </ClInclude>
    <ClInclude Include="$(SourceRoot)Project64-core\TraceModulesProject64.h">
      <Filter>Header Files</Filter>
    </ClInclude>
    <ClInclude Include="$(SourceRoot)Project64-core\Version.h">
      <Filter>Header Files</Filter>
    </ClInclude>
  </ItemGroup>
  <ItemGroup>
    <None Include="$(SourceRoot)Project64-core\ClassDiagram.cd">
      <Filter>Resource Files</Filter>
    </None>
    <None Include="$(SourceRoot)Project64-core\ClassDiagram1.cd">
      <Filter>Resource Files</Filter>
    </None>
  </ItemGroup>
</Project>