<?xml version="1.0" encoding="utf-8"?>
<Project ToolsVersion="15.0" xmlns="http://schemas.microsoft.com/developer/msbuild/2003">
  <ItemGroup>
    <Filter Include="Header Files">
      <UniqueIdentifier>{8d9ecb0c-f521-4207-a0f3-e3fbebc30ad2}</UniqueIdentifier>
      <Extensions>h;hpp;hxx;hm;inl</Extensions>
    </Filter>
    <Filter Include="Header Files\Driver">
      <UniqueIdentifier>{182f663c-d204-4f1d-a99f-e66f6502ded9}</UniqueIdentifier>
    </Filter>
    <Filter Include="Resource Files">
      <UniqueIdentifier>{1ebc7e96-3b71-49fb-9c78-9fc81e360bbc}</UniqueIdentifier>
      <Extensions>ico;cur;bmp;dlg;rc2;rct;bin;rgs;gif;jpg;jpeg;jpe</Extensions>
    </Filter>
    <Filter Include="Source Files">
      <UniqueIdentifier>{6642f87c-7aed-4ba4-91e8-92791486bc1e}</UniqueIdentifier>
      <Extensions>cpp;c;cxx;rc;def;r;odl;idl;hpj;bat</Extensions>
    </Filter>
    <Filter Include="Source Files\Driver">
      <UniqueIdentifier>{2231f131-8f1c-4c32-9bff-70bef37861ad}</UniqueIdentifier>
    </Filter>
  </ItemGroup>
  <ItemGroup>
    <ClCompile Include="$(SourceRoot)Project64-audio\AudioMain.cpp">
      <Filter>Source Files</Filter>
    </ClCompile>
    <ClCompile Include="$(SourceRoot)Project64-audio\AudioSettings.cpp">
      <Filter>Source Files</Filter>
    </ClCompile>
    <ClCompile Include="$(SourceRoot)Project64-audio\ConfigUI.cpp">
      <Filter>Source Files</Filter>
    </ClCompile>
    <ClCompile Include="$(SourceRoot)Project64-audio\Driver\DirectSound.cpp">
      <Filter>Source Files\Driver</Filter>
    </ClCompile>
    <ClCompile Include="$(SourceRoot)Project64-audio\Driver\OpenSLES.cpp">
      <Filter>Source Files\Driver</Filter>
    </ClCompile>
    <ClCompile Include="$(SourceRoot)Project64-audio\Driver\SoundBase.cpp">
      <Filter>Source Files\Driver</Filter>
    </ClCompile>
    <ClCompile Include="$(SourceRoot)Project64-audio\trace.cpp">
      <Filter>Source Files</Filter>
    </ClCompile>
  </ItemGroup>
  <ItemGroup>
    <ClInclude Include="$(SourceRoot)Project64-audio\AudioMain.h">
      <Filter>Header Files</Filter>
    </ClInclude>
    <ClInclude Include="$(SourceRoot)Project64-audio\AudioSettings.h">
      <Filter>Header Files</Filter>
    </ClInclude>
    <ClInclude Include="$(SourceRoot)Project64-audio\Audio_1.1.h">
      <Filter>Header Files</Filter>
    </ClInclude>
    <ClInclude Include="$(SourceRoot)Project64-audio\ConfigUI.h">
      <Filter>Header Files</Filter>
    </ClInclude>
    <ClInclude Include="$(SourceRoot)Project64-audio\Driver\DirectSound.h">
      <Filter>Header Files\Driver</Filter>
    </ClInclude>
    <ClInclude Include="$(SourceRoot)Project64-audio\Driver\OpenSLES.h">
      <Filter>Header Files\Driver</Filter>
    </ClInclude>
    <ClInclude Include="$(SourceRoot)Project64-audio\Driver\SoundBase.h">
      <Filter>Header Files\Driver</Filter>
    </ClInclude>
    <ClInclude Include="$(SourceRoot)Project64-audio\resource.h">
      <Filter>Header Files</Filter>
    </ClInclude>
    <ClInclude Include="$(SourceRoot)Project64-audio\SettingsID.h">
      <Filter>Header Files</Filter>
    </ClInclude>
    <ClInclude Include="$(SourceRoot)Project64-audio\trace.h">
      <Filter>Header Files</Filter>
    </ClInclude>
    <ClInclude Include="$(SourceRoot)Project64-audio\Version.h">
      <Filter>Header Files</Filter>
    </ClInclude>
  </ItemGroup>
  <ItemGroup>
    <ResourceCompile Include="$(SourceRoot)Project64-audio\Project64-audio.rc">
      <Filter>Resource Files</Filter>
    </ResourceCompile>
  </ItemGroup>
</Project>