<?xml version="1.0" encoding="utf-8"?>
<Project ToolsVersion="15.0" xmlns="http://schemas.microsoft.com/developer/msbuild/2003">
  <ItemGroup>
    <Filter Include="Header Files">
      <UniqueIdentifier>{583d7218-e109-4740-8595-e673250ac0e9}</UniqueIdentifier>
      <Extensions>h;hpp;hxx;hm;inl</Extensions>
    </Filter>
    <Filter Include="Resource Files">
      <UniqueIdentifier>{74f0b9c1-138d-47a7-b1ff-fe164ec3fcba}</UniqueIdentifier>
      <Extensions>ico;cur;bmp;dlg;rc2;rct;bin;rgs;gif;jpg;jpeg;jpe</Extensions>
    </Filter>
    <Filter Include="Source Files">
      <UniqueIdentifier>{cd72df14-ee8d-475b-abb3-213cdfb74d40}</UniqueIdentifier>
      <Extensions>cpp;c;cxx;rc;def;r;odl;idl;hpj;bat</Extensions>
    </Filter>
  </ItemGroup>
  <ItemGroup>
    <ClInclude Include="$(SourceRoot)3rdParty\WTL\atlapp.h">
      <Filter>Header Files</Filter>
    </ClInclude>
    <ClInclude Include="$(SourceRoot)3rdParty\WTL\atlcrack.h">
      <Filter>Header Files</Filter>
    </ClInclude>
    <ClInclude Include="$(SourceRoot)3rdParty\WTL\atlctrls.h">
      <Filter>Header Files</Filter>
    </ClInclude>
    <ClInclude Include="$(SourceRoot)3rdParty\WTL\atlctrlw.h">
      <Filter>Header Files</Filter>
    </ClInclude>
    <ClInclude Include="$(SourceRoot)3rdParty\WTL\atlctrlx.h">
      <Filter>Header Files</Filter>
    </ClInclude>
    <ClInclude Include="$(SourceRoot)3rdParty\WTL\atlddx.h">
      <Filter>Header Files</Filter>
    </ClInclude>
    <ClInclude Include="$(SourceRoot)3rdParty\WTL\atldlgs.h">
      <Filter>Header Files</Filter>
    </ClInclude>
    <ClInclude Include="$(SourceRoot)3rdParty\WTL\atlfind.h">
      <Filter>Header Files</Filter>
    </ClInclude>
    <ClInclude Include="$(SourceRoot)3rdParty\WTL\atlframe.h">
      <Filter>Header Files</Filter>
    </ClInclude>
    <ClInclude Include="$(SourceRoot)3rdParty\WTL\atlgdi.h">
      <Filter>Header Files</Filter>
    </ClInclude>
    <ClInclude Include="$(SourceRoot)3rdParty\WTL\atlmisc.h">
      <Filter>Header Files</Filter>
    </ClInclude>
    <ClInclude Include="$(SourceRoot)3rdParty\WTL\atlprint.h">
      <Filter>Header Files</Filter>
    </ClInclude>
    <ClInclude Include="$(SourceRoot)3rdParty\WTL\atlres.h">
      <Filter>Header Files</Filter>
    </ClInclude>
    <ClInclude Include="$(SourceRoot)3rdParty\WTL\atlresce.h">
      <Filter>Header Files</Filter>
    </ClInclude>
    <ClInclude Include="$(SourceRoot)3rdParty\WTL\atlscrl.h">
      <Filter>Header Files</Filter>
    </ClInclude>
    <ClInclude Include="$(SourceRoot)3rdParty\WTL\atlsplit.h">
      <Filter>Header Files</Filter>
    </ClInclude>
    <ClInclude Include="$(SourceRoot)3rdParty\WTL\atltheme.h">
      <Filter>Header Files</Filter>
    </ClInclude>
    <ClInclude Include="$(SourceRoot)3rdParty\WTL\atluser.h">
      <Filter>Header Files</Filter>
    </ClInclude>
    <ClInclude Include="$(SourceRoot)3rdParty\WTL\atlwince.h">
      <Filter>Header Files</Filter>
    </ClInclude>
    <ClInclude Include="$(SourceRoot)3rdParty\WTL\atlwinx.h">
      <Filter>Header Files</Filter>
    </ClInclude>
  </ItemGroup>
</Project>