<?xml version="1.0" encoding="utf-8"?>
<Project ToolsVersion="15.0" xmlns="http://schemas.microsoft.com/developer/msbuild/2003">
  <ItemGroup>
    <Filter Include="Header Files">
      <UniqueIdentifier>{a58afbf2-375a-4f1b-8745-99af86851c22}</UniqueIdentifier>
      <Extensions>h;hpp;hxx;hm;inl</Extensions>
    </Filter>
    <Filter Include="Header Files\contrib">
      <UniqueIdentifier>{c648725d-326f-4888-9fac-47ef092dc105}</UniqueIdentifier>
    </Filter>
    <Filter Include="Header Files\contrib\minizip">
      <UniqueIdentifier>{5a9d36a0-a4af-4314-8c1b-db00b965b163}</UniqueIdentifier>
    </Filter>
    <Filter Include="Resource Files">
      <UniqueIdentifier>{bdc41347-f2a2-4679-823f-d09607f67737}</UniqueIdentifier>
      <Extensions>ico;cur;bmp;dlg;rc2;rct;bin;rgs;gif;jpg;jpeg;jpe</Extensions>
    </Filter>
    <Filter Include="Source Files">
      <UniqueIdentifier>{5d570dd2-fec3-428b-91a4-6a71d4a2af6f}</UniqueIdentifier>
      <Extensions>cpp;c;cxx;rc;def;r;odl;idl;hpj;bat</Extensions>
    </Filter>
    <Filter Include="Source Files\contrib">
      <UniqueIdentifier>{63119956-8a72-472e-8ccd-475c552ea638}</UniqueIdentifier>
    </Filter>
    <Filter Include="Source Files\contrib\minizip">
      <UniqueIdentifier>{eb1555e0-7561-446d-a9cd-d12e49cc1483}</UniqueIdentifier>
    </Filter>
  </ItemGroup>
  <ItemGroup>
    <ClCompile Include="$(Pj64SourceRoot)3rdParty\zlib\adler32.c">
      <Filter>Source Files</Filter>
    </ClCompile>
    <ClCompile Include="$(Pj64SourceRoot)3rdParty\zlib\compress.c">
      <Filter>Source Files</Filter>
    </ClCompile>
    <ClCompile Include="$(Pj64SourceRoot)3rdParty\zlib\contrib\minizip\ioapi.c">
      <Filter>Source Files\contrib\minizip</Filter>
    </ClCompile>
    <ClCompile Include="$(Pj64SourceRoot)3rdParty\zlib\contrib\minizip\iowin32.c">
      <Filter>Source Files\contrib\minizip</Filter>
    </ClCompile>
    <ClCompile Include="$(Pj64SourceRoot)3rdParty\zlib\contrib\minizip\miniunz.c">
      <Filter>Source Files\contrib\minizip</Filter>
    </ClCompile>
    <ClCompile Include="$(Pj64SourceRoot)3rdParty\zlib\contrib\minizip\minizip.c">
      <Filter>Source Files\contrib\minizip</Filter>
    </ClCompile>
    <ClCompile Include="$(Pj64SourceRoot)3rdParty\zlib\contrib\minizip\mztools.c">
      <Filter>Source Files\contrib\minizip</Filter>
    </ClCompile>
    <ClCompile Include="$(Pj64SourceRoot)3rdParty\zlib\contrib\minizip\unzip.c">
      <Filter>Source Files\contrib\minizip</Filter>
    </ClCompile>
    <ClCompile Include="$(Pj64SourceRoot)3rdParty\zlib\contrib\minizip\zip.c">
      <Filter>Source Files\contrib\minizip</Filter>
    </ClCompile>
    <ClCompile Include="$(Pj64SourceRoot)3rdParty\zlib\crc32.c">
      <Filter>Source Files</Filter>
    </ClCompile>
    <ClCompile Include="$(Pj64SourceRoot)3rdParty\zlib\deflate.c">
      <Filter>Source Files</Filter>
    </ClCompile>
    <ClCompile Include="$(Pj64SourceRoot)3rdParty\zlib\gzclose.c">
      <Filter>Source Files</Filter>
    </ClCompile>
    <ClCompile Include="$(Pj64SourceRoot)3rdParty\zlib\gzlib.c">
      <Filter>Source Files</Filter>
    </ClCompile>
    <ClCompile Include="$(Pj64SourceRoot)3rdParty\zlib\gzread.c">
      <Filter>Source Files</Filter>
    </ClCompile>
    <ClCompile Include="$(Pj64SourceRoot)3rdParty\zlib\gzwrite.c">
      <Filter>Source Files</Filter>
    </ClCompile>
    <ClCompile Include="$(Pj64SourceRoot)3rdParty\zlib\infback.c">
      <Filter>Source Files</Filter>
    </ClCompile>
    <ClCompile Include="$(Pj64SourceRoot)3rdParty\zlib\inffast.c">
      <Filter>Source Files</Filter>
    </ClCompile>
    <ClCompile Include="$(Pj64SourceRoot)3rdParty\zlib\inflate.c">
      <Filter>Source Files</Filter>
    </ClCompile>
    <ClCompile Include="$(Pj64SourceRoot)3rdParty\zlib\inftrees.c">
      <Filter>Source Files</Filter>
    </ClCompile>
    <ClCompile Include="$(Pj64SourceRoot)3rdParty\zlib\trees.c">
      <Filter>Source Files</Filter>
    </ClCompile>
    <ClCompile Include="$(Pj64SourceRoot)3rdParty\zlib\uncompr.c">
      <Filter>Source Files</Filter>
    </ClCompile>
    <ClCompile Include="$(Pj64SourceRoot)3rdParty\zlib\zutil.c">
      <Filter>Source Files</Filter>
    </ClCompile>
  </ItemGroup>
  <ItemGroup>
    <ClInclude Include="$(Pj64SourceRoot)3rdParty\zlib\contrib\minizip\crypt.h">
      <Filter>Header Files\contrib\minizip</Filter>
    </ClInclude>
    <ClInclude Include="$(Pj64SourceRoot)3rdParty\zlib\contrib\minizip\ioapi.h">
      <Filter>Header Files\contrib\minizip</Filter>
    </ClInclude>
    <ClInclude Include="$(Pj64SourceRoot)3rdParty\zlib\contrib\minizip\iowin32.h">
      <Filter>Header Files\contrib\minizip</Filter>
    </ClInclude>
    <ClInclude Include="$(Pj64SourceRoot)3rdParty\zlib\contrib\minizip\mztools.h">
      <Filter>Header Files\contrib\minizip</Filter>
    </ClInclude>
    <ClInclude Include="$(Pj64SourceRoot)3rdParty\zlib\contrib\minizip\unzip.h">
      <Filter>Header Files\contrib\minizip</Filter>
    </ClInclude>
    <ClInclude Include="$(Pj64SourceRoot)3rdParty\zlib\contrib\minizip\zip.h">
      <Filter>Header Files\contrib\minizip</Filter>
    </ClInclude>
    <ClInclude Include="$(Pj64SourceRoot)3rdParty\zlib\crc32.h">
      <Filter>Header Files</Filter>
    </ClInclude>
    <ClInclude Include="$(Pj64SourceRoot)3rdParty\zlib\deflate.h">
      <Filter>Header Files</Filter>
    </ClInclude>
    <ClInclude Include="$(Pj64SourceRoot)3rdParty\zlib\gzguts.h">
      <Filter>Header Files</Filter>
    </ClInclude>
    <ClInclude Include="$(Pj64SourceRoot)3rdParty\zlib\inffast.h">
      <Filter>Header Files</Filter>
    </ClInclude>
    <ClInclude Include="$(Pj64SourceRoot)3rdParty\zlib\inffixed.h">
      <Filter>Header Files</Filter>
    </ClInclude>
    <ClInclude Include="$(Pj64SourceRoot)3rdParty\zlib\inflate.h">
      <Filter>Header Files</Filter>
    </ClInclude>
    <ClInclude Include="$(Pj64SourceRoot)3rdParty\zlib\inftrees.h">
      <Filter>Header Files</Filter>
    </ClInclude>
    <ClInclude Include="$(Pj64SourceRoot)3rdParty\zlib\trees.h">
      <Filter>Header Files</Filter>
    </ClInclude>
    <ClInclude Include="$(Pj64SourceRoot)3rdParty\zlib\zconf.h">
      <Filter>Header Files</Filter>
    </ClInclude>
    <ClInclude Include="$(Pj64SourceRoot)3rdParty\zlib\zlib.h">
      <Filter>Header Files</Filter>
    </ClInclude>
    <ClInclude Include="$(Pj64SourceRoot)3rdParty\zlib\zutil.h">
      <Filter>Header Files</Filter>
    </ClInclude>
  </ItemGroup>
</Project>